#MicroXplorer Configuration settings - do not modify
Appli.IPs=CORTEX_M55_S,GPDMA1,HPDMA1,LINKEDLIST,RCC,RIF,SAU,GPIO,NVIC1\:I,CACHEAXI,CSI,DCMIPP,DEBUG,I2C1,I2C2,I2C4,SPI5,SYS_S\:I,TIM3,UART7,UART5,XSPI1,XSPI2,XSPIM
Appli.Pins=PC7,PD0,PE8,PD5,PE0,PA1
CAD.formats=
CAD.pinconfig=
CAD.provider=
DCMIPP.DCMIPP_CSI_DATA_TYPE_FORMAT0=DCMIPP_CSI_DT_BPP8
DCMIPP.DCMIPP_CSI_DATA_TYPE_FORMAT1=DCMIPP_CSI_DT_BPP8
DCMIPP.DCMIPP_CSI_DATA_TYPE_FORMAT2=DCMIPP_CSI_DT_BPP8
DCMIPP.DataLaneMappingPIPE0=DCMIPP_CSI_INVERTED_DATA_LANES
DCMIPP.DataTypeIDAPIPE0=DCMIPP_DT_RAW8
DCMIPP.DataTypeIDAPIPE1=DCMIPP_DT_RGB565
DCMIPP.DataTypeIDBPIPE0=DCMIPP_DT_RAW8
DCMIPP.DataTypeIDBPIPE1=DCMIPP_DT_RGB666
DCMIPP.IPParameters=DataTypeIDAPIPE0,DataTypeIDBPIPE0,PHYBitratePIPE0,DCMIPP_CSI_DATA_TYPE_FORMAT0,PixelPipePitchPIPE1,DCMIPP_CSI_DATA_TYPE_FORMAT1,DataTypeIDAPIPE1,DataTypeIDBPIPE1,PHYBitratePIPE1,PixelPipePitchPIPE2,DCMIPP_CSI_DATA_TYPE_FORMAT2,PHYBitratePIPE2,NumberOfLanesPIPE0,DataLaneMappingPIPE0
DCMIPP.NumberOfLanesPIPE0=DCMIPP_CSI_TWO_DATA_LANES
DCMIPP.PHYBitratePIPE0=DCMIPP_CSI_PHY_BT_800
DCMIPP.PHYBitratePIPE1=DCMIPP_CSI_PHY_BT_800
DCMIPP.PHYBitratePIPE2=DCMIPP_CSI_PHY_BT_800
DCMIPP.PixelPipePitchPIPE1=480
DCMIPP.PixelPipePitchPIPE2=720
EXTMEM_LOADER.IPParameters=RefParam_ELOADER_Target,RefParam_SECTORS_NBR,RefParam_SECTORS_SIZE
EXTMEM_LOADER.RefParam_ELOADER_Target=PROGRAMMER
EXTMEM_LOADER.RefParam_SECTORS_NBR=0x8000
EXTMEM_LOADER.RefParam_SECTORS_SIZE=0x1000
EXTMEM_MANAGER.IPParameters=RefParam_BOOT_enable,RefParam_BOOT_selection,RefParam_MEMORY_2_Driver_Selection,RefParam_LRUN_SRC_offset,RefParam_LRUN_SRC_size,RefParam_MEMORY_1_Driver_Selection
EXTMEM_MANAGER.RefParam_BOOT_enable=true
EXTMEM_MANAGER.RefParam_BOOT_selection=LRUN
EXTMEM_MANAGER.RefParam_LRUN_SRC_offset=0x00100000
EXTMEM_MANAGER.RefParam_LRUN_SRC_size=0x00100000
EXTMEM_MANAGER.RefParam_MEMORY_1_Driver_Selection=EXTMEM_NOR_SFDP
EXTMEM_MANAGER.RefParam_MEMORY_2_Driver_Selection=EXTMEM_NOR_SFDP
ExtMemLoader.IPs=EXTMEM_LOADER,EXTMEM_MANAGER,RCC\:I,GPIO,XSPI1,XSPI2,XSPIM
FSBL.IPs=CORTEX_M55_FSBL,GPDMA1,HDP\:I,HPDMA1,LINKEDLIST,RCC,GPIO\:I,NVIC\:I,BSEC,CACHEAXI,CSI,DCMIPP,DEBUG,EXTMEM_MANAGER,I2C1,I2C2,I2C4,PWR\:I,SPI5,UART7,UART5,XSPI1,XSPI2,XSPIM,TIM3,MEMORYMAP
File.Version=6
GPIO.groupedBy=Group By Peripherals
I2C1.IPParameters=Timing
I2C1.Timing=0x20C0EDFF
I2C2.IPParameters=Timing
I2C2.Timing=0x20C0EDFF
I2C4.IPParameters=Timing
I2C4.Timing=0x30C0EDFF
KeepUserPlacement=false
MMTAppReg1.MEMORYMAP.AppRegionName=RAM
MMTAppReg1.MEMORYMAP.ContextName=FSBL
MMTAppReg1.MEMORYMAP.CoreName=ARM Cortex-M55
MMTAppReg1.MEMORYMAP.DefaultDataRegion=true
MMTAppReg1.MEMORYMAP.IPParameters=StartAddress,Size,CoreName,DefaultDataRegion,ContextName,Name
MMTAppReg1.MEMORYMAP.Name=RAM
MMTAppReg1.MEMORYMAP.Size=262144
MMTAppReg1.MEMORYMAP.StartAddress=0x341C0000
MMTAppReg2.MEMORYMAP.AppRegionName=FLASH
MMTAppReg2.MEMORYMAP.ContextName=FSBL
MMTAppReg2.MEMORYMAP.CoreName=ARM Cortex-M55
MMTAppReg2.MEMORYMAP.DefaultCodeRegion=true
MMTAppReg2.MEMORYMAP.DefaultDataRegion=false
MMTAppReg2.MEMORYMAP.IPParameters=StartAddress,Size,CoreName,DefaultDataRegion,ContextName,Name,DefaultCodeRegion,ISRRegion,RootBootRegion
MMTAppReg2.MEMORYMAP.ISRRegion=true
MMTAppReg2.MEMORYMAP.Name=FLASH
MMTAppReg2.MEMORYMAP.RootBootRegion=true
MMTAppReg2.MEMORYMAP.Size=261120
MMTAppReg2.MEMORYMAP.StartAddress=0x34180400
MMTAppReg3.MEMORYMAP.AppRegionName=RAM
MMTAppReg3.MEMORYMAP.ContextName=Appli
MMTAppReg3.MEMORYMAP.CoreName=ARM Cortex-M55
MMTAppReg3.MEMORYMAP.DefaultDataRegion=true
MMTAppReg3.MEMORYMAP.IPParameters=StartAddress,Size,CoreName,DefaultDataRegion,ContextName,Name
MMTAppReg3.MEMORYMAP.Name=RAM
MMTAppReg3.MEMORYMAP.Size=1572864
MMTAppReg3.MEMORYMAP.StartAddress=0x34080000
MMTAppReg4.MEMORYMAP.AppRegionName=FLASH
MMTAppReg4.MEMORYMAP.ContextName=Appli
MMTAppReg4.MEMORYMAP.CoreName=ARM Cortex-M55
MMTAppReg4.MEMORYMAP.DefaultCodeRegion=true
MMTAppReg4.MEMORYMAP.DefaultDataRegion=false
MMTAppReg4.MEMORYMAP.IPParameters=StartAddress,Size,CoreName,DefaultDataRegion,ContextName,Name,DefaultCodeRegion,ISRRegion,RootBootRegion
MMTAppReg4.MEMORYMAP.ISRRegion=true
MMTAppReg4.MEMORYMAP.Name=FLASH
MMTAppReg4.MEMORYMAP.RootBootRegion=true
MMTAppReg4.MEMORYMAP.Size=523264
MMTAppReg4.MEMORYMAP.StartAddress=0x34000000
MMTAppReg5.MEMORYMAP.AppRegionName=Reserved FLASH(Appli)
MMTAppReg5.MEMORYMAP.ContextName=FSBL
MMTAppReg5.MEMORYMAP.CoreName=ARM Cortex-M55
MMTAppReg5.MEMORYMAP.DefaultDataRegion=false
MMTAppReg5.MEMORYMAP.IPParameters=StartAddress,Size,CoreName,SizeUnit,DefaultDataRegion,ContextName,Name,ReservedRegion,LockedRegion
MMTAppReg5.MEMORYMAP.LockedRegion=true
MMTAppReg5.MEMORYMAP.Name=Reserved FLASH(Appli)
MMTAppReg5.MEMORYMAP.ReservedRegion=true
MMTAppReg5.MEMORYMAP.Size=523264
MMTAppReg5.MEMORYMAP.SizeUnit=B
MMTAppReg5.MEMORYMAP.StartAddress=0x34000000
MMTAppReg6.MEMORYMAP.AppRegionName=Reserved LOAD_REGION
MMTAppReg6.MEMORYMAP.ContextName=Appli
MMTAppReg6.MEMORYMAP.CoreName=ARM Cortex-M55
MMTAppReg6.MEMORYMAP.DefaultDataRegion=false
MMTAppReg6.MEMORYMAP.IPParameters=StartAddress,Size,CoreName,SizeUnit,DefaultDataRegion,MemSource,ContextName,Name,ReservedRegion,LockedRegion
MMTAppReg6.MEMORYMAP.LockedRegion=true
MMTAppReg6.MEMORYMAP.MemSource=EXT
MMTAppReg6.MEMORYMAP.Name=Reserved LOAD_REGION
MMTAppReg6.MEMORYMAP.ReservedRegion=true
MMTAppReg6.MEMORYMAP.Size=523264
MMTAppReg6.MEMORYMAP.SizeUnit=B
MMTAppReg6.MEMORYMAP.StartAddress=0x90100400
MMTAppReg7.MEMORYMAP.AppRegionName=Reserved LOAD_REGION(Appli)
MMTAppReg7.MEMORYMAP.ContextName=FSBL
MMTAppReg7.MEMORYMAP.CoreName=ARM Cortex-M55
MMTAppReg7.MEMORYMAP.DefaultDataRegion=false
MMTAppReg7.MEMORYMAP.IPParameters=StartAddress,Size,CoreName,SizeUnit,DefaultDataRegion,MemSource,ContextName,Name,ReservedRegion,LockedRegion
MMTAppReg7.MEMORYMAP.LockedRegion=true
MMTAppReg7.MEMORYMAP.MemSource=EXT
MMTAppReg7.MEMORYMAP.Name=Reserved LOAD_REGION(Appli)
MMTAppReg7.MEMORYMAP.ReservedRegion=true
MMTAppReg7.MEMORYMAP.Size=523264
MMTAppReg7.MEMORYMAP.SizeUnit=B
MMTAppReg7.MEMORYMAP.StartAddress=0x90100400
MMTAppRegionsCount=7
MMTConfigApplied=false
MMTSectionSuffix=
Mcu.CPN=STM32N657B0H3Q
Mcu.Context0=FSBL
Mcu.Context1=Appli
Mcu.Context2=ExtMemLoader
Mcu.ContextNb=3
Mcu.ContextProject=FullSecure
Mcu.Family=STM32N6
Mcu.IP0=BSEC
Mcu.IP1=CACHEAXI
Mcu.IP10=I2C2
Mcu.IP11=I2C4
Mcu.IP12=MEMORYMAP
Mcu.IP13=NVIC1
Mcu.IP14=NVIC
Mcu.IP15=PWR
Mcu.IP16=RCC
Mcu.IP17=RIF
Mcu.IP18=SPI5
Mcu.IP19=SYS_S
Mcu.IP2=CORTEX_M55_FSBL
Mcu.IP20=TIM3
Mcu.IP21=UART5
Mcu.IP22=UART7
Mcu.IP23=XSPI1
Mcu.IP24=XSPI2
Mcu.IP25=XSPIM
Mcu.IP3=CORTEX_M55_S
Mcu.IP4=CSI
Mcu.IP5=DCMIPP
Mcu.IP6=DEBUG
Mcu.IP7=EXTMEM_LOADER
Mcu.IP8=EXTMEM_MANAGER
Mcu.IP9=I2C1
Mcu.IPNb=26
Mcu.Name=STM32N657B0HxQ
Mcu.Package=VFBGA198
Mcu.Pin0=PC7
Mcu.Pin1=PC9
Mcu.Pin10=PH2
Mcu.Pin11=PP2
Mcu.Pin12=PP4
Mcu.Pin13=PP3
Mcu.Pin14=PO4
Mcu.Pin15=PO0
Mcu.Pin16=PP6
Mcu.Pin17=PP0
Mcu.Pin18=PP5
Mcu.Pin19=PP1
Mcu.Pin2=PE14
Mcu.Pin20=PP7
Mcu.Pin21=PO2
Mcu.Pin22=PN4
Mcu.Pin23=PN1
Mcu.Pin24=PN5
Mcu.Pin25=PN6
Mcu.Pin26=PN2
Mcu.Pin27=PF15
Mcu.Pin28=PA1
Mcu.Pin29=PB11
Mcu.Pin3=PE13
Mcu.Pin30=PN3
Mcu.Pin31=PF11
Mcu.Pin32=PF12
Mcu.Pin33=PA8
Mcu.Pin34=PB10
Mcu.Pin35=PB4(NJTRST)
Mcu.Pin36=PA3
Mcu.Pin37=PG10
Mcu.Pin38=PA14(JTCK/SWCLK)
Mcu.Pin39=PA13(JTMS/SWDIO)
Mcu.Pin4=PC1
Mcu.Pin40=PB5(JTDO/TRACESWO)
Mcu.Pin41=VP_BSEC_VS_BSEC
Mcu.Pin42=VP_CACHEAXI_VS_CACHEAXI
Mcu.Pin43=VP_CSI_VS_CSI
Mcu.Pin44=VP_DCMIPP_VS_PIPE0
Mcu.Pin45=VP_DCMIPP_VS_PIPE1
Mcu.Pin46=VP_DCMIPP_VS_PIPE2
Mcu.Pin47=VP_DCMIPP_CSI
Mcu.Pin48=VP_EXTMEM_LOADER_SIG_Activate_EXTMEM_LOADER
Mcu.Pin49=VP_EXTMEM_MANAGER_SIG_Activate_EXTMEM
Mcu.Pin5=PE5
Mcu.Pin50=VP_PWR_VS_SECSignals
Mcu.Pin51=VP_PWR_VS_LPOM
Mcu.Pin52=VP_PWR_VS_DBSignals
Mcu.Pin53=VP_PWR_VS_PowerVDDIO
Mcu.Pin54=VP_RIF_VS_RIF1
Mcu.Pin55=VP_SYS_S_VS_Systick
Mcu.Pin56=VP_XSPI1_VS_octo
Mcu.Pin57=VP_XSPI2_VS_quad
Mcu.Pin58=VP_XSPIM_VS_IO
Mcu.Pin59=VP_MEMORYMAP_VS_MEMORYMAP
Mcu.Pin6=PD0
Mcu.Pin7=PE8
Mcu.Pin8=PD5
Mcu.Pin9=PE0
Mcu.PinsNb=60
Mcu.ThirdPartyNb=0
Mcu.UserConstants=
Mcu.UserName=STM32N657B0HxQ
MxCube.Version=6.16.0
MxDb.Version=DB.6.0.160
NVIC.BFHFNMINS=0
NVIC.BusFault_IRQn=true\:0\:0\:false\:false\:true\:false\:false\:false
NVIC.CSI_IRQn=true\:0\:0\:false\:false\:true\:true\:true\:true
NVIC.DCMIPP_IRQn=true\:0\:0\:false\:false\:true\:true\:true\:true
NVIC.DebugMonitor_IRQn=true\:0\:0\:false\:false\:true\:false\:false\:false
NVIC.ForceEnableDMAVector=true
NVIC.HardFault_IRQn=true\:0\:0\:false\:false\:true\:false\:false\:false
NVIC.I2C1_ER_IRQn=true\:0\:0\:false\:false\:true\:true\:true\:true
NVIC.I2C1_EV_IRQn=true\:0\:0\:false\:false\:true\:true\:true\:true
NVIC.I2C2_ER_IRQn=true\:0\:0\:false\:false\:true\:true\:true\:true
NVIC.I2C2_EV_IRQn=true\:0\:0\:false\:false\:true\:true\:true\:true
NVIC.I2C4_ER_IRQn=true\:0\:0\:false\:false\:true\:true\:true\:true
NVIC.I2C4_EV_IRQn=true\:0\:0\:false\:false\:true\:true\:true\:true
NVIC.MemoryManagement_IRQn=true\:0\:0\:false\:false\:true\:false\:false\:false
NVIC.NonMaskableInt_IRQn=true\:0\:0\:false\:false\:true\:false\:false\:false
NVIC.PRIS=0
NVIC.PendSV_IRQn=true\:0\:0\:false\:false\:true\:false\:false\:false
NVIC.PriorityGroup=NVIC_PRIORITYGROUP_4
NVIC.RCC_S_IRQn=true\:0\:0\:false\:false\:true\:true\:false\:true
NVIC.SPI5_IRQn=true\:0\:0\:false\:false\:true\:true\:true\:true
NVIC.SVCall_IRQn=true\:0\:0\:false\:false\:true\:false\:false\:false
NVIC.SecureFault_IRQn=true\:0\:0\:false\:false\:true\:false\:false\:false
NVIC.SysTick_IRQn=true\:15\:0\:false\:false\:true\:false\:true\:false
NVIC.TIM3_IRQn=true\:0\:0\:false\:false\:true\:true\:true\:true
NVIC.UsageFault_IRQn=true\:0\:0\:false\:false\:true\:false\:false\:false
NVIC.XSPI1_IRQn=true\:0\:0\:false\:false\:true\:true\:true\:true
NVIC.XSPI2_IRQn=true\:0\:0\:false\:false\:true\:true\:true\:true
NVIC1.BFHFNMINS=0
NVIC1.BusFault_IRQn=true\:0\:0\:false\:false\:true\:false\:false\:false
NVIC1.CSI_IRQn=true\:0\:0\:false\:false\:true\:true\:true\:true
NVIC1.DCMIPP_IRQn=true\:0\:0\:false\:false\:true\:true\:true\:true
NVIC1.DebugMonitor_IRQn=true\:0\:0\:false\:false\:true\:false\:false\:false
NVIC1.ForceEnableDMAVector=true
NVIC1.HardFault_IRQn=true\:0\:0\:false\:false\:true\:false\:false\:false
NVIC1.I2C1_ER_IRQn=true\:0\:0\:false\:false\:true\:true\:true\:true
NVIC1.I2C1_EV_IRQn=true\:0\:0\:false\:false\:true\:true\:true\:true
NVIC1.I2C2_ER_IRQn=true\:0\:0\:false\:false\:true\:true\:true\:true
NVIC1.I2C2_EV_IRQn=true\:0\:0\:false\:false\:true\:true\:true\:true
NVIC1.I2C4_ER_IRQn=true\:0\:0\:false\:false\:true\:true\:true\:true
NVIC1.I2C4_EV_IRQn=true\:0\:0\:false\:false\:true\:true\:true\:true
NVIC1.MemoryManagement_IRQn=true\:0\:0\:false\:false\:true\:false\:false\:false
NVIC1.NonMaskableInt_IRQn=true\:0\:0\:false\:false\:true\:false\:false\:false
NVIC1.PRIS=0
NVIC1.PendSV_IRQn=true\:0\:0\:false\:false\:true\:false\:false\:false
NVIC1.PriorityGroup=NVIC_PRIORITYGROUP_4
NVIC1.RCC_S_IRQn=true\:0\:0\:false\:false\:true\:true\:false\:true
NVIC1.SPI5_IRQn=true\:0\:0\:false\:false\:true\:true\:true\:true
NVIC1.SVCall_IRQn=true\:0\:0\:false\:false\:true\:false\:false\:false
NVIC1.SecureFault_IRQn=true\:0\:0\:false\:false\:true\:false\:false\:false
NVIC1.SysTick_IRQn=true\:15\:0\:false\:false\:true\:false\:true\:false
NVIC1.TIM3_IRQn=true\:0\:0\:false\:false\:true\:true\:true\:true
NVIC1.UsageFault_IRQn=true\:0\:0\:false\:false\:true\:false\:false\:false
NVIC1.XSPI1_IRQn=true\:0\:0\:false\:false\:true\:true\:true\:true
NVIC1.XSPI2_IRQn=true\:0\:0\:false\:false\:true\:true\:true\:true
PA1.ContextOwner=Appli
PA1.GPIOParameters=GPIO_Label,PinAttribute
PA1.GPIO_Label=XSHUTDOWN
PA1.Locked=true
PA1.PinAttribute=Appli
PA1.Signal=GPIO_Output
PA13(JTMS/SWDIO).GPIOParameters=PinAttribute
PA13(JTMS/SWDIO).Mode=Trace_Asynchronous_SW
PA13(JTMS/SWDIO).PinAttribute=FSBL,Appli
PA13(JTMS/SWDIO).Signal=DEBUG_JTMS-SWDIO
PA14(JTCK/SWCLK).GPIOParameters=PinAttribute
PA14(JTCK/SWCLK).Mode=Trace_Asynchronous_SW
PA14(JTCK/SWCLK).PinAttribute=FSBL,Appli
PA14(JTCK/SWCLK).Signal=DEBUG_JTCK-SWCLK
PA3.GPIOParameters=PinAttribute
PA3.Locked=true
PA3.Mode=Asynchronous
PA3.PinAttribute=FSBL,Appli
PA3.Signal=UART7_RX
PA8.GPIOParameters=PinAttribute
PA8.Mode=Clock-out-1
PA8.PinAttribute=Free
PA8.Signal=RCC_MCO_1
PB10.GPIOParameters=PinAttribute
PB10.Locked=true
PB10.Mode=I2C
PB10.PinAttribute=FSBL,Appli
PB10.Signal=I2C2_SCL
PB11.GPIOParameters=PinAttribute
PB11.Locked=true
PB11.Mode=I2C
PB11.PinAttribute=FSBL,Appli
PB11.Signal=I2C2_SDA
PB4(NJTRST).GPIOParameters=PinAttribute
PB4(NJTRST).Locked=true
PB4(NJTRST).Mode=Asynchronous
PB4(NJTRST).PinAttribute=FSBL,Appli
PB4(NJTRST).Signal=UART7_TX
PB5(JTDO/TRACESWO).GPIOParameters=PinAttribute
PB5(JTDO/TRACESWO).Locked=true
PB5(JTDO/TRACESWO).Mode=Trace_Asynchronous_SW
PB5(JTDO/TRACESWO).PinAttribute=FSBL,Appli
PB5(JTDO/TRACESWO).Signal=DEBUG_JTDO-SWO
PC1.GPIOParameters=PinAttribute
PC1.Mode=I2C
PC1.PinAttribute=FSBL,Appli
PC1.Signal=I2C1_SDA
PC7.ContextOwner=Appli
PC7.GPIOParameters=GPIO_Label,PinAttribute
PC7.GPIO_Label=LED
PC7.Locked=true
PC7.PinAttribute=Appli
PC7.Signal=GPIO_Output
PC9.GPIOParameters=PinAttribute
PC9.Locked=true
PC9.PinAttribute=FSBL,Appli
PC9.Signal=S_TIM3_CH4
PCC.Checker=false
PCC.Line=STM32N6x7
PCC.MCU=STM32N657B0HxQ
PCC.PartNumber=STM32N657B0HxQ
PCC.Series=STM32N6
PCC.Temperature=25
PCC.Vdd=1.8
PD0.ContextOwner=Appli
PD0.GPIOParameters=GPIO_Label,PinAttribute
PD0.GPIO_Label=INTR
PD0.Locked=true
PD0.PinAttribute=Appli
PD0.Signal=GPXTI0
PD5.ContextOwner=Appli
PD5.GPIOParameters=GPIO_Label,PinAttribute
PD5.GPIO_Label=XSHUT
PD5.Locked=true
PD5.PinAttribute=Appli
PD5.Signal=GPIO_Output
PE0.ContextOwner=Appli
PE0.GPIOParameters=GPIO_Label,PinAttribute
PE0.GPIO_Label=SENSOR_NRST
PE0.Locked=true
PE0.PinAttribute=Appli
PE0.Signal=GPIO_Output
PE13.GPIOParameters=PinAttribute
PE13.Locked=true
PE13.Mode=I2C
PE13.PinAttribute=FSBL,Appli
PE13.Signal=I2C4_SCL
PE14.GPIOParameters=PinAttribute
PE14.Mode=I2C
PE14.PinAttribute=FSBL,Appli
PE14.Signal=I2C4_SDA
PE5.GPIOParameters=PinAttribute
PE5.Mode=I2C
PE5.PinAttribute=FSBL,Appli
PE5.Signal=I2C1_SCL
PE8.ContextOwner=Appli
PE8.GPIOParameters=GPIO_Label,PinAttribute
PE8.GPIO_Label=SYNC_IN
PE8.Locked=true
PE8.PinAttribute=Appli
PE8.Signal=GPIO_Input
PF11.GPIOParameters=PinAttribute
PF11.Locked=true
PF11.Mode=Full_Duplex_Master
PF11.PinAttribute=FSBL,Appli
PF11.Signal=SPI5_MOSI
PF12.GPIOParameters=PinAttribute
PF12.Locked=true
PF12.Mode=Full_Duplex_Master
PF12.PinAttribute=FSBL,Appli
PF12.Signal=SPI5_MISO
PF15.GPIOParameters=PinAttribute
PF15.Locked=true
PF15.Mode=Full_Duplex_Master
PF15.PinAttribute=FSBL,Appli
PF15.Signal=SPI5_SCK
PG10.GPIOParameters=PinAttribute
PG10.Locked=true
PG10.Mode=Asynchronous
PG10.PinAttribute=FSBL,Appli
PG10.Signal=UART5_TX
PH2.GPIOParameters=PinAttribute
PH2.Mode=Asynchronous
PH2.PinAttribute=FSBL,Appli
PH2.Signal=UART5_RX
PN1.GPIOParameters=PinAttribute
PN1.Mode=XSPI2_NCS1_Port2
PN1.PinAttribute=FSBL,Appli,ExtMemLoader
PN1.Signal=XSPIM_P2_NCS1
PN2.GPIOParameters=PinAttribute
PN2.Mode=XSPI2_Port2Quad
PN2.PinAttribute=FSBL,Appli,ExtMemLoader
PN2.Signal=XSPIM_P2_IO0
PN3.GPIOParameters=PinAttribute
PN3.Mode=XSPI2_Port2Quad
PN3.PinAttribute=FSBL,Appli,ExtMemLoader
PN3.Signal=XSPIM_P2_IO1
PN4.GPIOParameters=PinAttribute
PN4.Mode=XSPI2_Port2Quad
PN4.PinAttribute=FSBL,Appli,ExtMemLoader
PN4.Signal=XSPIM_P2_IO2
PN5.GPIOParameters=PinAttribute
PN5.Mode=XSPI2_Port2Quad
PN5.PinAttribute=FSBL,Appli,ExtMemLoader
PN5.Signal=XSPIM_P2_IO3
PN6.GPIOParameters=PinAttribute
PN6.Mode=XSPI2_Port2Quad
PN6.PinAttribute=FSBL,Appli,ExtMemLoader
PN6.Signal=XSPIM_P2_CLK
PO0.GPIOParameters=PinAttribute
PO0.Mode=XSPI1_NCS1_Port1
PO0.PinAttribute=FSBL,Appli,ExtMemLoader
PO0.Signal=XSPIM_P1_NCS1
PO2.GPIOParameters=PinAttribute
PO2.Mode=XSPI1_Port1Octo
PO2.PinAttribute=FSBL,Appli,ExtMemLoader
PO2.Signal=XSPIM_P1_DQS0
PO4.GPIOParameters=PinAttribute
PO4.Mode=XSPI1_Port1Octo
PO4.PinAttribute=FSBL,Appli,ExtMemLoader
PO4.Signal=XSPIM_P1_CLK
PP0.GPIOParameters=PinAttribute
PP0.Mode=XSPI1_Port1Octo
PP0.PinAttribute=FSBL,Appli,ExtMemLoader
PP0.Signal=XSPIM_P1_IO0
PP1.GPIOParameters=PinAttribute
PP1.Mode=XSPI1_Port1Octo
PP1.PinAttribute=FSBL,Appli,ExtMemLoader
PP1.Signal=XSPIM_P1_IO1
PP2.GPIOParameters=PinAttribute
PP2.Mode=XSPI1_Port1Octo
PP2.PinAttribute=FSBL,Appli,ExtMemLoader
PP2.Signal=XSPIM_P1_IO2
PP3.GPIOParameters=PinAttribute
PP3.Mode=XSPI1_Port1Octo
PP3.PinAttribute=FSBL,Appli,ExtMemLoader
PP3.Signal=XSPIM_P1_IO3
PP4.GPIOParameters=PinAttribute
PP4.Mode=XSPI1_Port1Octo
PP4.PinAttribute=FSBL,Appli,ExtMemLoader
PP4.Signal=XSPIM_P1_IO4
PP5.GPIOParameters=PinAttribute
PP5.Mode=XSPI1_Port1Octo
PP5.PinAttribute=FSBL,Appli,ExtMemLoader
PP5.Signal=XSPIM_P1_IO5
PP6.GPIOParameters=PinAttribute
PP6.Mode=XSPI1_Port1Octo
PP6.PinAttribute=FSBL,Appli,ExtMemLoader
PP6.Signal=XSPIM_P1_IO6
PP7.GPIOParameters=PinAttribute
PP7.Mode=XSPI1_Port1Octo
PP7.PinAttribute=FSBL,Appli,ExtMemLoader
PP7.Signal=XSPIM_P1_IO7
PWR.IPParameters=PowerDomain4,PowerDomain2,PowerDomain3
PWR.PowerDomain2=PWR_VDDIO_RANGE_1V8
PWR.PowerDomain3=PWR_VDDIO_RANGE_1V8
PWR.PowerDomain4=PWR_VDDIO_RANGE_3V3
PinOutPanel.CurrentBGAView=Top
PinOutPanel.RotationAngle=0
ProjectManager.AskForMigrate=true
ProjectManager.BackupPrevious=true
ProjectManager.CompilerLinker=GCC
ProjectManager.CompilerOptimize=6
ProjectManager.ComputerToolchain=false
ProjectManager.CoupleFile=true
ProjectManager.CustomerFirmwarePackage=
ProjectManager.DefaultFWLocation=true
ProjectManager.DeletePrevious=true
ProjectManager.DeviceId=STM32N657B0HxQ
ProjectManager.FirmwarePackage=STM32Cube FW_N6 V1.3.0
ProjectManager.FreePins=false
ProjectManager.FreePinsContext=FSBL
ProjectManager.HalAssertFull=false
ProjectManager.HeapSize=FSBL-0x200,Appli-0x200,ExtMemLoader-0x200
ProjectManager.KeepUserCode=true
ProjectManager.LastFirmware=true
ProjectManager.LibraryCopy=1
ProjectManager.MainLocation=Core/Src
ProjectManager.NoMain=false
ProjectManager.PreviousToolchain=
ProjectManager.ProjectBuild=false
ProjectManager.ProjectFileName=Apollo.ioc
ProjectManager.ProjectName=Apollo
ProjectManager.ProjectStructure=FSBL\:FSBL\:true;Appli\:Appli\:true;ExtMemLoader\:ExtMemLoader\:true;
ProjectManager.RegisterCallBack=I3C
ProjectManager.StackSize=FSBL-0x800,Appli-0x800,ExtMemLoader-0x800
ProjectManager.TargetToolchain=STM32CubeIDE
ProjectManager.ToolChainLocation=
ProjectManager.UAScriptAfterPath=
ProjectManager.UAScriptBeforePath=
ProjectManager.UnderRoot=false
ProjectManager.functionlistsort=1-SystemClock_Config-RCC-false-HAL-false-FSBL,2-MX_GPIO_Init-GPIO-false-HAL-true-FSBL,3-MX_BSEC_Init-BSEC-false-HAL-true-FSBL,4-MX_CACHEAXI_Init-CACHEAXI-false-HAL-true-FSBL,5-MX_DCMIPP_Init-DCMIPP-false-HAL-true-FSBL,6-MX_I2C1_Init-I2C1-false-HAL-true-FSBL,7-MX_I2C2_Init-I2C2-false-HAL-true-FSBL,8-MX_I2C4_Init-I2C4-false-HAL-true-FSBL,9-MX_SPI5_Init-SPI5-false-HAL-true-FSBL,10-MX_TIM3_Init-TIM3-false-HAL-true-FSBL,11-MX_UART5_Init-UART5-false-HAL-true-FSBL,12-MX_UART7_Init-UART7-false-HAL-true-FSBL,13-MX_XSPI1_Init-XSPI1-false-HAL-true-FSBL,14-MX_XSPI2_Init-XSPI2-false-HAL-true-FSBL,15-MX_XSPIM_Init-XSPIM-false-HAL-true-FSBL,16-MX_EXTMEM_MANAGER_Init-EXTMEM_MANAGER-false-HAL-false-FSBL,1-MX_GPIO_Init-GPIO-false-HAL-true-Appli,2-MX_CACHEAXI_Init-CACHEAXI-false-HAL-true-Appli,3-MX_DCMIPP_Init-DCMIPP-false-HAL-true-Appli,4-MX_I2C1_Init-I2C1-false-HAL-true-Appli,5-MX_I2C2_Init-I2C2-false-HAL-true-Appli,6-MX_I2C4_Init-I2C4-false-HAL-true-Appli,7-MX_SPI5_Init-SPI5-false-HAL-true-Appli,8-MX_TIM3_Init-TIM3-false-HAL-true-Appli,9-MX_UART5_Init-UART5-false-HAL-true-Appli,10-MX_UART7_Init-UART7-false-HAL-true-Appli,11-MX_XSPI1_Init-XSPI1-false-HAL-true-Appli,12-MX_XSPI2_Init-XSPI2-false-HAL-true-Appli,13-MX_XSPIM_Init-XSPIM-false-HAL-true-Appli,14-SystemIsolation_Config-RIF-false-HAL-true-Appli,0-MX_CORTEX_M55_FSBL_Init-CORTEX_M55_FSBL-false-HAL-true-FSBL,0-MX_PWR_Init-PWR-false-HAL-true-FSBL,0-MX_CORTEX_M55_S_Init-CORTEX_M55_S-false-HAL-true-Appli,1-MX_GPIO_Init-GPIO-false-HAL-true-ExtMemLoader,2-MX_XSPI1_Init-XSPI1-false-HAL-true-ExtMemLoader,3-MX_XSPI2_Init-XSPI2-false-HAL-true-ExtMemLoader,4-MX_XSPIM_Init-XSPIM-false-HAL-true-ExtMemLoader,5-MX_EXTMEM_LOADER_Init-EXTMEM_LOADER-false-HAL-false-ExtMemLoader,6-MX_EXTMEM_MANAGER_Init-EXTMEM_MANAGER-false-HAL-false-ExtMemLoader
RCC.ADC12Freq_Value=150000000
RCC.ADFFreq_Value=150000000
RCC.AHB1234Freq_Value=150000000
RCC.AHBFreq_Value=75000000
RCC.APB1Freq_Value=150000000
RCC.APB2Freq_Value=150000000
RCC.APB4Freq_Value=150000000
RCC.APB5Freq_Value=150000000
RCC.AXIClockFreq_Value=300000000
RCC.CKPERFreq_Value=64000000
RCC.CPUCLKSource=RCC_CPUCLKSOURCE_IC1
RCC.CortexFreq_Value=75000000
RCC.CpuClockFreq_Value=600000000
RCC.DCMIPPFreq_Value=150000000
RCC.ETH1Freq_Value=150000000
RCC.FBDIV1=75
RCC.FBDIV2=100
RCC.FBDIV3=225
RCC.FBDIV4=225
RCC.FDCANFreq_Value=150000000
RCC.FMCFreq_Value=150000000
RCC.FOUTPOSTDIV1Freq_Value=600000000
RCC.FOUTPOSTDIV2Freq_Value=800000000
RCC.FOUTPOSTDIV3Freq_Value=900000000
RCC.FOUTPOSTDIV4Freq_Value=50000000
RCC.FREFDIV1=2
RCC.FREFDIV2=8
RCC.FREFDIV3=8
RCC.FREFDIV4=8
RCC.FamilyName=M
RCC.HSE_VALUE=48000000
RCC.HSI_VALUE=64000000
RCC.I2C1Freq_Value=150000000
RCC.I2C2Freq_Value=150000000
RCC.I2C3Freq_Value=150000000
RCC.I2C4CLockSelection=RCC_I2C4CLKSOURCE_IC10
RCC.I2C4Freq_Value=200000000
RCC.I3C1Freq_Value=150000000
RCC.I3C2Freq_Value=150000000
RCC.IC10Div=4
RCC.IC10Freq_VALUE=200000000
RCC.IC11CLKSource=RCC_ICCLKSOURCE_PLL3
RCC.IC11Div=3
RCC.IC11Freq_VALUE=300000000
RCC.IC12Freq_VALUE=900000000
RCC.IC13Freq_VALUE=900000000
RCC.IC14Freq_VALUE=900000000
RCC.IC15Freq_VALUE=900000000
RCC.IC16Freq_VALUE=50000000
RCC.IC17CLKSource=RCC_ICCLKSOURCE_PLL3
RCC.IC17Div=3
RCC.IC17Freq_VALUE=300000000
RCC.IC18CLKSource=RCC_ICCLKSOURCE_PLL3
RCC.IC18Div=60
RCC.IC18Freq_VALUE=15000000
RCC.IC19Freq_VALUE=50000000
RCC.IC1Div=1
RCC.IC1Freq_VALUE=600000000
RCC.IC20Freq_VALUE=50000000
RCC.IC2Div=2
RCC.IC2Freq_VALUE=300000000
RCC.IC3Div=3
RCC.IC3Freq_VALUE=200000000
RCC.IC4Div=3
RCC.IC4Freq_VALUE=200000000
RCC.IC5Div=2
RCC.IC5Freq_VALUE=300000000
RCC.IC6Div=1
RCC.IC6Freq_VALUE=600000000
RCC.IC7Freq_VALUE=800000000
RCC.IC8Freq_VALUE=800000000
RCC.IC9Div=8
RCC.IC9Freq_VALUE=100000000
RCC.IPParameters=ADC12Freq_Value,ADFFreq_Value,AHB1234Freq_Value,AHBFreq_Value,APB1Freq_Value,APB2Freq_Value,APB4Freq_Value,APB5Freq_Value,AXIClockFreq_Value,CKPERFreq_Value,CPUCLKSource,CortexFreq_Value,CpuClockFreq_Value,DCMIPPFreq_Value,ETH1Freq_Value,FBDIV1,FBDIV2,FBDIV3,FBDIV4,FDCANFreq_Value,FMCFreq_Value,FOUTPOSTDIV1Freq_Value,FOUTPOSTDIV2Freq_Value,FOUTPOSTDIV3Freq_Value,FOUTPOSTDIV4Freq_Value,FREFDIV1,FREFDIV2,FREFDIV3,FREFDIV4,FamilyName,HSE_VALUE,HSI_VALUE,I2C1Freq_Value,I2C2Freq_Value,I2C3Freq_Value,I2C4CLockSelection,I2C4Freq_Value,I3C1Freq_Value,I3C2Freq_Value,IC10Div,IC10Freq_VALUE,IC11CLKSource,IC11Div,IC11Freq_VALUE,IC12Freq_VALUE,IC13Freq_VALUE,IC14Freq_VALUE,IC15Freq_VALUE,IC16Freq_VALUE,IC17CLKSource,IC17Div,IC17Freq_VALUE,IC18CLKSource,IC18Div,IC18Freq_VALUE,IC19Freq_VALUE,IC1Div,IC1Freq_VALUE,IC20Freq_VALUE,IC2Div,IC2Freq_VALUE,IC3Div,IC3Freq_VALUE,IC4Div,IC4Freq_VALUE,IC5Div,IC5Freq_VALUE,IC6Div,IC6Freq_VALUE,IC7Freq_VALUE,IC8Freq_VALUE,IC9Div,IC9Freq_VALUE,LPTIM1Freq_Value,LPTIM2Freq_Value,LPTIM3Freq_Value,LPTIM4Freq_Value,LPTIM5Freq_Value,LPUART1Freq_Value,LSE_VALUE,LSI_VALUE,LTDCFreq_Value,MCO1PinFreq_Value,MCO2PinFreq_Value,MDFFreq_Value,MSI_VALUE,OTGHS1Freq_Value,OTGHS2Freq_Value,OTGPHY1Freq_Value,OTGPHY2Freq_Value,POSTDIV1_4,POSTDIV2_1,POSTDIV2_3,POSTDIV2_4,PSSIFreq_Value,PWR_Regulator_Voltage_Scale,RCC_MCODiv1,RTCFreq_Value,SAI1Freq_Value,SAI2Freq_Value,SDMMC1Freq_Value,SDMMC2Freq_Value,SPI1Freq_Value,SPI2Freq_Value,SPI3Freq_Value,SPI4Freq_Value,SPI5ClockSelection,SPI5Freq_Value,SPI6Freq_Value,SYSBCLKFreq_VALUE,SYSBCLKSource,SYSCCLKFreq_VALUE,SYSDCLKFreq_VALUE,TIMGFreq_Value,UART4Freq_Value,UART5ClockSelection,UART5Freq_Value,UART7ClockSelection,UART7Freq_Value,UART8Freq_Value,UART9Freq_Value,USART1Freq_Value,USART2Freq_Value,USART3Freq_Value,USART6Freq_Value,VCO1OutputFreq_Value,VCO2OutputFreq_Value,VCO3OutputFreq_Value,VCO4OutputFreq_Value,VCOInput1Freq_Value,VCOInput2Freq_Value,VCOInput3Freq_Value,VCOInput4Freq_Value,XSPI1Freq_Value,XSPI2Freq_Value,XSPI3Freq_Value
RCC.LPTIM1Freq_Value=150000000
RCC.LPTIM2Freq_Value=150000000
RCC.LPTIM3Freq_Value=150000000
RCC.LPTIM4Freq_Value=150000000
RCC.LPTIM5Freq_Value=150000000
RCC.LPUART1Freq_Value=150000000
RCC.LSE_VALUE=32768
RCC.LSI_VALUE=32000
RCC.LTDCFreq_Value=150000000
RCC.MCO1PinFreq_Value=12800000
RCC.MCO2PinFreq_Value=64000000
RCC.MDFFreq_Value=150000000
RCC.MSI_VALUE=16000000
RCC.OTGHS1Freq_Value=24000000
RCC.OTGHS2Freq_Value=24000000
RCC.OTGPHY1Freq_Value=24000000
RCC.OTGPHY2Freq_Value=24000000
RCC.POSTDIV1_4=6
RCC.POSTDIV2_1=4
RCC.POSTDIV2_3=2
RCC.POSTDIV2_4=6
RCC.PSSIFreq_Value=150000000
RCC.PWR_Regulator_Voltage_Scale=PWR_REGULATOR_VOLTAGE_SCALE0
RCC.RCC_MCODiv1=RCC_MCODIV_5
RCC.RTCFreq_Value=32000
RCC.SAI1Freq_Value=150000000
RCC.SAI2Freq_Value=150000000
RCC.SDMMC1Freq_Value=150000000
RCC.SDMMC2Freq_Value=150000000
RCC.SPI1Freq_Value=150000000
RCC.SPI2Freq_Value=150000000
RCC.SPI3Freq_Value=150000000
RCC.SPI4Freq_Value=150000000
RCC.SPI5ClockSelection=RCC_SPI5CLKSOURCE_IC9
RCC.SPI5Freq_Value=100000000
RCC.SPI6Freq_Value=150000000
RCC.SYSBCLKFreq_VALUE=300000000
RCC.SYSBCLKSource=RCC_SYSCLKSOURCE_IC2_IC6_IC11
RCC.SYSCCLKFreq_VALUE=600000000
RCC.SYSDCLKFreq_VALUE=300000000
RCC.TIMGFreq_Value=300000000
RCC.UART4Freq_Value=150000000
RCC.UART5ClockSelection=RCC_UART5CLKSOURCE_IC9
RCC.UART5Freq_Value=100000000
RCC.UART7ClockSelection=RCC_UART7CLKSOURCE_IC9
RCC.UART7Freq_Value=100000000
RCC.UART8Freq_Value=150000000
RCC.UART9Freq_Value=150000000
RCC.USART1Freq_Value=150000000
RCC.USART2Freq_Value=150000000
RCC.USART3Freq_Value=150000000
RCC.USART6Freq_Value=150000000
RCC.VCO1OutputFreq_Value=2400000000
RCC.VCO2OutputFreq_Value=800000000
RCC.VCO3OutputFreq_Value=1800000000
RCC.VCO4OutputFreq_Value=1800000000
RCC.VCOInput1Freq_Value=32000000
RCC.VCOInput2Freq_Value=8000000
RCC.VCOInput3Freq_Value=8000000
RCC.VCOInput4Freq_Value=8000000
RCC.XSPI1Freq_Value=150000000
RCC.XSPI2Freq_Value=150000000
RCC.XSPI3Freq_Value=150000000
RIF.DCMIPP_CID_RIMU=1
RIF.DMA2D_CID_RIMU=0
RIF.ETH1_CID_RIMU=0
RIF.ETR_CID_RIMU=0
RIF.GPU_CID_RIMU=0
RIF.IPParameters=ETR_CID_RIMU,SDMMC1_CID_RIMU,OTG1_CID_RIMU,OTG2_CID_RIMU,ETH1_CID_RIMU,GPU_CID_RIMU,DMA2D_CID_RIMU,DCMIPP_CID_RIMU,LTDC_L1_CID_RIMU,LTDC_L2_CID_RIMU,VENC_CID_RIMU
RIF.LTDC_L1_CID_RIMU=0
RIF.LTDC_L2_CID_RIMU=0
RIF.OTG1_CID_RIMU=0
RIF.OTG2_CID_RIMU=0
RIF.RIFAWARE.GPDMA1\ Feature\ GPDMA1\ channel\ 0\ Cid=-
RIF.RIFAWARE.GPDMA1\ Feature\ GPDMA1\ channel\ 0\ Privilege=true
RIF.RIFAWARE.GPDMA1\ Feature\ GPDMA1\ channel\ 0\ Secure=false
RIF.RIFAWARE.GPDMA1\ Feature\ GPDMA1\ channel\ 1\ Cid=-
RIF.RIFAWARE.GPDMA1\ Feature\ GPDMA1\ channel\ 1\ Privilege=true
RIF.RIFAWARE.GPDMA1\ Feature\ GPDMA1\ channel\ 1\ Secure=false
RIF.RIFAWARE.GPDMA1\ Feature\ GPDMA1\ channel\ 10\ Cid=-
RIF.RIFAWARE.GPDMA1\ Feature\ GPDMA1\ channel\ 10\ Privilege=true
RIF.RIFAWARE.GPDMA1\ Feature\ GPDMA1\ channel\ 10\ Secure=false
RIF.RIFAWARE.GPDMA1\ Feature\ GPDMA1\ channel\ 11\ Cid=-
RIF.RIFAWARE.GPDMA1\ Feature\ GPDMA1\ channel\ 11\ Privilege=true
RIF.RIFAWARE.GPDMA1\ Feature\ GPDMA1\ channel\ 11\ Secure=false
RIF.RIFAWARE.GPDMA1\ Feature\ GPDMA1\ channel\ 12\ Cid=-
RIF.RIFAWARE.GPDMA1\ Feature\ GPDMA1\ channel\ 12\ Privilege=true
RIF.RIFAWARE.GPDMA1\ Feature\ GPDMA1\ channel\ 12\ Secure=false
RIF.RIFAWARE.GPDMA1\ Feature\ GPDMA1\ channel\ 13\ Cid=-
RIF.RIFAWARE.GPDMA1\ Feature\ GPDMA1\ channel\ 13\ Privilege=true
RIF.RIFAWARE.GPDMA1\ Feature\ GPDMA1\ channel\ 13\ Secure=false
RIF.RIFAWARE.GPDMA1\ Feature\ GPDMA1\ channel\ 14\ Cid=-
RIF.RIFAWARE.GPDMA1\ Feature\ GPDMA1\ channel\ 14\ Privilege=true
RIF.RIFAWARE.GPDMA1\ Feature\ GPDMA1\ channel\ 14\ Secure=false
RIF.RIFAWARE.GPDMA1\ Feature\ GPDMA1\ channel\ 15\ Cid=-
RIF.RIFAWARE.GPDMA1\ Feature\ GPDMA1\ channel\ 15\ Privilege=true
RIF.RIFAWARE.GPDMA1\ Feature\ GPDMA1\ channel\ 15\ Secure=false
RIF.RIFAWARE.GPDMA1\ Feature\ GPDMA1\ channel\ 2\ Cid=-
RIF.RIFAWARE.GPDMA1\ Feature\ GPDMA1\ channel\ 2\ Privilege=true
RIF.RIFAWARE.GPDMA1\ Feature\ GPDMA1\ channel\ 2\ Secure=false
RIF.RIFAWARE.GPDMA1\ Feature\ GPDMA1\ channel\ 3\ Cid=-
RIF.RIFAWARE.GPDMA1\ Feature\ GPDMA1\ channel\ 3\ Privilege=true
RIF.RIFAWARE.GPDMA1\ Feature\ GPDMA1\ channel\ 3\ Secure=false
RIF.RIFAWARE.GPDMA1\ Feature\ GPDMA1\ channel\ 4\ Cid=-
RIF.RIFAWARE.GPDMA1\ Feature\ GPDMA1\ channel\ 4\ Privilege=true
RIF.RIFAWARE.GPDMA1\ Feature\ GPDMA1\ channel\ 4\ Secure=false
RIF.RIFAWARE.GPDMA1\ Feature\ GPDMA1\ channel\ 5\ Cid=-
RIF.RIFAWARE.GPDMA1\ Feature\ GPDMA1\ channel\ 5\ Privilege=true
RIF.RIFAWARE.GPDMA1\ Feature\ GPDMA1\ channel\ 5\ Secure=false
RIF.RIFAWARE.GPDMA1\ Feature\ GPDMA1\ channel\ 6\ Cid=-
RIF.RIFAWARE.GPDMA1\ Feature\ GPDMA1\ channel\ 6\ Privilege=true
RIF.RIFAWARE.GPDMA1\ Feature\ GPDMA1\ channel\ 6\ Secure=false
RIF.RIFAWARE.GPDMA1\ Feature\ GPDMA1\ channel\ 7\ Cid=-
RIF.RIFAWARE.GPDMA1\ Feature\ GPDMA1\ channel\ 7\ Privilege=true
RIF.RIFAWARE.GPDMA1\ Feature\ GPDMA1\ channel\ 7\ Secure=false
RIF.RIFAWARE.GPDMA1\ Feature\ GPDMA1\ channel\ 8\ Cid=-
RIF.RIFAWARE.GPDMA1\ Feature\ GPDMA1\ channel\ 8\ Privilege=true
RIF.RIFAWARE.GPDMA1\ Feature\ GPDMA1\ channel\ 8\ Secure=false
RIF.RIFAWARE.GPDMA1\ Feature\ GPDMA1\ channel\ 9\ Cid=-
RIF.RIFAWARE.GPDMA1\ Feature\ GPDMA1\ channel\ 9\ Privilege=true
RIF.RIFAWARE.GPDMA1\ Feature\ GPDMA1\ channel\ 9\ Secure=false
RIF.RIFAWARE.GPIO\ Feature\ PA0\ Cid=-
RIF.RIFAWARE.GPIO\ Feature\ PA0\ Secure=false
RIF.RIFAWARE.GPIO\ Feature\ PA1\ Appli=true
RIF.RIFAWARE.GPIO\ Feature\ PA1\ Cid=1
RIF.RIFAWARE.GPIO\ Feature\ PA1\ Secure=true
RIF.RIFAWARE.GPIO\ Feature\ PA10\ Cid=-
RIF.RIFAWARE.GPIO\ Feature\ PA10\ Secure=false
RIF.RIFAWARE.GPIO\ Feature\ PA11\ Cid=-
RIF.RIFAWARE.GPIO\ Feature\ PA11\ Secure=false
RIF.RIFAWARE.GPIO\ Feature\ PA12\ Cid=-
RIF.RIFAWARE.GPIO\ Feature\ PA12\ Secure=false
RIF.RIFAWARE.GPIO\ Feature\ PA2\ Cid=-
RIF.RIFAWARE.GPIO\ Feature\ PA2\ Secure=false
RIF.RIFAWARE.GPIO\ Feature\ PA3\ Appli=true
RIF.RIFAWARE.GPIO\ Feature\ PA3\ Cid=1
RIF.RIFAWARE.GPIO\ Feature\ PA3\ FSBL=true
RIF.RIFAWARE.GPIO\ Feature\ PA3\ Secure=true
RIF.RIFAWARE.GPIO\ Feature\ PA5\ Cid=-
RIF.RIFAWARE.GPIO\ Feature\ PA5\ Secure=false
RIF.RIFAWARE.GPIO\ Feature\ PA6\ Cid=-
RIF.RIFAWARE.GPIO\ Feature\ PA6\ Secure=false
RIF.RIFAWARE.GPIO\ Feature\ PA7\ Cid=-
RIF.RIFAWARE.GPIO\ Feature\ PA7\ Secure=false
RIF.RIFAWARE.GPIO\ Feature\ PA8\ Cid=-
RIF.RIFAWARE.GPIO\ Feature\ PA8\ Secure=false
RIF.RIFAWARE.GPIO\ Feature\ PA9\ Cid=-
RIF.RIFAWARE.GPIO\ Feature\ PA9\ Secure=false
RIF.RIFAWARE.GPIO\ Feature\ PB0\ Cid=-
RIF.RIFAWARE.GPIO\ Feature\ PB0\ Secure=false
RIF.RIFAWARE.GPIO\ Feature\ PB10\ Appli=true
RIF.RIFAWARE.GPIO\ Feature\ PB10\ Cid=1
RIF.RIFAWARE.GPIO\ Feature\ PB10\ FSBL=true
RIF.RIFAWARE.GPIO\ Feature\ PB10\ Secure=true
RIF.RIFAWARE.GPIO\ Feature\ PB11\ Appli=true
RIF.RIFAWARE.GPIO\ Feature\ PB11\ Cid=1
RIF.RIFAWARE.GPIO\ Feature\ PB11\ FSBL=true
RIF.RIFAWARE.GPIO\ Feature\ PB11\ Secure=true
RIF.RIFAWARE.GPIO\ Feature\ PB12\ Cid=-
RIF.RIFAWARE.GPIO\ Feature\ PB12\ Secure=false
RIF.RIFAWARE.GPIO\ Feature\ PB3\ Cid=-
RIF.RIFAWARE.GPIO\ Feature\ PB3\ Secure=false
RIF.RIFAWARE.GPIO\ Feature\ PB6\ Cid=-
RIF.RIFAWARE.GPIO\ Feature\ PB6\ Secure=false
RIF.RIFAWARE.GPIO\ Feature\ PB7\ Cid=-
RIF.RIFAWARE.GPIO\ Feature\ PB7\ Secure=false
RIF.RIFAWARE.GPIO\ Feature\ PC1\ Appli=true
RIF.RIFAWARE.GPIO\ Feature\ PC1\ Cid=1
RIF.RIFAWARE.GPIO\ Feature\ PC1\ FSBL=true
RIF.RIFAWARE.GPIO\ Feature\ PC1\ Secure=true
RIF.RIFAWARE.GPIO\ Feature\ PC10\ Cid=-
RIF.RIFAWARE.GPIO\ Feature\ PC10\ Secure=false
RIF.RIFAWARE.GPIO\ Feature\ PC11\ Cid=-
RIF.RIFAWARE.GPIO\ Feature\ PC11\ Secure=false
RIF.RIFAWARE.GPIO\ Feature\ PC12\ Cid=-
RIF.RIFAWARE.GPIO\ Feature\ PC12\ Secure=false
RIF.RIFAWARE.GPIO\ Feature\ PC13\ Cid=-
RIF.RIFAWARE.GPIO\ Feature\ PC13\ Secure=false
RIF.RIFAWARE.GPIO\ Feature\ PC6\ Cid=-
RIF.RIFAWARE.GPIO\ Feature\ PC6\ Secure=false
RIF.RIFAWARE.GPIO\ Feature\ PC7\ Appli=true
RIF.RIFAWARE.GPIO\ Feature\ PC7\ Cid=1
RIF.RIFAWARE.GPIO\ Feature\ PC7\ Secure=true
RIF.RIFAWARE.GPIO\ Feature\ PC8\ Cid=-
RIF.RIFAWARE.GPIO\ Feature\ PC8\ Secure=false
RIF.RIFAWARE.GPIO\ Feature\ PC9\ Appli=true
RIF.RIFAWARE.GPIO\ Feature\ PC9\ Cid=1
RIF.RIFAWARE.GPIO\ Feature\ PC9\ FSBL=true
RIF.RIFAWARE.GPIO\ Feature\ PC9\ Secure=true
RIF.RIFAWARE.GPIO\ Feature\ PD0\ Appli=true
RIF.RIFAWARE.GPIO\ Feature\ PD0\ Cid=1
RIF.RIFAWARE.GPIO\ Feature\ PD0\ Secure=true
RIF.RIFAWARE.GPIO\ Feature\ PD1\ Cid=-
RIF.RIFAWARE.GPIO\ Feature\ PD1\ Secure=false
RIF.RIFAWARE.GPIO\ Feature\ PD10\ Cid=-
RIF.RIFAWARE.GPIO\ Feature\ PD10\ Secure=false
RIF.RIFAWARE.GPIO\ Feature\ PD11\ Cid=-
RIF.RIFAWARE.GPIO\ Feature\ PD11\ Secure=false
RIF.RIFAWARE.GPIO\ Feature\ PD12\ Cid=-
RIF.RIFAWARE.GPIO\ Feature\ PD12\ Secure=false
RIF.RIFAWARE.GPIO\ Feature\ PD14\ Cid=-
RIF.RIFAWARE.GPIO\ Feature\ PD14\ Secure=false
RIF.RIFAWARE.GPIO\ Feature\ PD15\ Cid=-
RIF.RIFAWARE.GPIO\ Feature\ PD15\ Secure=false
RIF.RIFAWARE.GPIO\ Feature\ PD2\ Cid=-
RIF.RIFAWARE.GPIO\ Feature\ PD2\ Secure=false
RIF.RIFAWARE.GPIO\ Feature\ PD3\ Cid=-
RIF.RIFAWARE.GPIO\ Feature\ PD3\ Secure=false
RIF.RIFAWARE.GPIO\ Feature\ PD4\ Cid=-
RIF.RIFAWARE.GPIO\ Feature\ PD4\ Secure=false
RIF.RIFAWARE.GPIO\ Feature\ PD5\ Appli=true
RIF.RIFAWARE.GPIO\ Feature\ PD5\ Cid=1
RIF.RIFAWARE.GPIO\ Feature\ PD5\ Secure=true
RIF.RIFAWARE.GPIO\ Feature\ PD6\ Cid=-
RIF.RIFAWARE.GPIO\ Feature\ PD6\ Secure=false
RIF.RIFAWARE.GPIO\ Feature\ PD7\ Cid=-
RIF.RIFAWARE.GPIO\ Feature\ PD7\ Secure=false
RIF.RIFAWARE.GPIO\ Feature\ PD8\ Cid=-
RIF.RIFAWARE.GPIO\ Feature\ PD8\ Secure=false
RIF.RIFAWARE.GPIO\ Feature\ PD9\ Cid=-
RIF.RIFAWARE.GPIO\ Feature\ PD9\ Secure=false
RIF.RIFAWARE.GPIO\ Feature\ PE0\ Appli=true
RIF.RIFAWARE.GPIO\ Feature\ PE0\ Cid=1
RIF.RIFAWARE.GPIO\ Feature\ PE0\ Secure=true
RIF.RIFAWARE.GPIO\ Feature\ PE1\ Cid=-
RIF.RIFAWARE.GPIO\ Feature\ PE1\ Secure=false
RIF.RIFAWARE.GPIO\ Feature\ PE10\ Cid=-
RIF.RIFAWARE.GPIO\ Feature\ PE10\ Secure=false
RIF.RIFAWARE.GPIO\ Feature\ PE11\ Cid=-
RIF.RIFAWARE.GPIO\ Feature\ PE11\ Secure=false
RIF.RIFAWARE.GPIO\ Feature\ PE12\ Cid=-
RIF.RIFAWARE.GPIO\ Feature\ PE12\ Secure=false
RIF.RIFAWARE.GPIO\ Feature\ PE13\ Appli=true
RIF.RIFAWARE.GPIO\ Feature\ PE13\ Cid=1
RIF.RIFAWARE.GPIO\ Feature\ PE13\ FSBL=true
RIF.RIFAWARE.GPIO\ Feature\ PE13\ Secure=true
RIF.RIFAWARE.GPIO\ Feature\ PE14\ Appli=true
RIF.RIFAWARE.GPIO\ Feature\ PE14\ Cid=1
RIF.RIFAWARE.GPIO\ Feature\ PE14\ FSBL=true
RIF.RIFAWARE.GPIO\ Feature\ PE14\ Secure=true
RIF.RIFAWARE.GPIO\ Feature\ PE15\ Cid=-
RIF.RIFAWARE.GPIO\ Feature\ PE15\ Secure=false
RIF.RIFAWARE.GPIO\ Feature\ PE2\ Cid=-
RIF.RIFAWARE.GPIO\ Feature\ PE2\ Secure=false
RIF.RIFAWARE.GPIO\ Feature\ PE3\ Cid=-
RIF.RIFAWARE.GPIO\ Feature\ PE3\ Secure=false
RIF.RIFAWARE.GPIO\ Feature\ PE5\ Appli=true
RIF.RIFAWARE.GPIO\ Feature\ PE5\ Cid=1
RIF.RIFAWARE.GPIO\ Feature\ PE5\ FSBL=true
RIF.RIFAWARE.GPIO\ Feature\ PE5\ Secure=true
RIF.RIFAWARE.GPIO\ Feature\ PE6\ Cid=-
RIF.RIFAWARE.GPIO\ Feature\ PE6\ Secure=false
RIF.RIFAWARE.GPIO\ Feature\ PE7\ Cid=-
RIF.RIFAWARE.GPIO\ Feature\ PE7\ Secure=false
RIF.RIFAWARE.GPIO\ Feature\ PE8\ Appli=true
RIF.RIFAWARE.GPIO\ Feature\ PE8\ Cid=1
RIF.RIFAWARE.GPIO\ Feature\ PE8\ Secure=true
RIF.RIFAWARE.GPIO\ Feature\ PE9\ Cid=-
RIF.RIFAWARE.GPIO\ Feature\ PE9\ Secure=false
RIF.RIFAWARE.GPIO\ Feature\ PF0\ Cid=-
RIF.RIFAWARE.GPIO\ Feature\ PF0\ Secure=false
RIF.RIFAWARE.GPIO\ Feature\ PF1\ Cid=-
RIF.RIFAWARE.GPIO\ Feature\ PF1\ Secure=false
RIF.RIFAWARE.GPIO\ Feature\ PF10\ Cid=-
RIF.RIFAWARE.GPIO\ Feature\ PF10\ Secure=false
RIF.RIFAWARE.GPIO\ Feature\ PF11\ Appli=true
RIF.RIFAWARE.GPIO\ Feature\ PF11\ Cid=1
RIF.RIFAWARE.GPIO\ Feature\ PF11\ FSBL=true
RIF.RIFAWARE.GPIO\ Feature\ PF11\ Secure=true
RIF.RIFAWARE.GPIO\ Feature\ PF12\ Appli=true
RIF.RIFAWARE.GPIO\ Feature\ PF12\ Cid=1
RIF.RIFAWARE.GPIO\ Feature\ PF12\ FSBL=true
RIF.RIFAWARE.GPIO\ Feature\ PF12\ Secure=true
RIF.RIFAWARE.GPIO\ Feature\ PF13\ Cid=-
RIF.RIFAWARE.GPIO\ Feature\ PF13\ Secure=false
RIF.RIFAWARE.GPIO\ Feature\ PF14\ Cid=-
RIF.RIFAWARE.GPIO\ Feature\ PF14\ Secure=false
RIF.RIFAWARE.GPIO\ Feature\ PF15\ Appli=true
RIF.RIFAWARE.GPIO\ Feature\ PF15\ Cid=1
RIF.RIFAWARE.GPIO\ Feature\ PF15\ FSBL=true
RIF.RIFAWARE.GPIO\ Feature\ PF15\ Secure=true
RIF.RIFAWARE.GPIO\ Feature\ PF2\ Cid=-
RIF.RIFAWARE.GPIO\ Feature\ PF2\ Secure=false
RIF.RIFAWARE.GPIO\ Feature\ PF3\ Cid=-
RIF.RIFAWARE.GPIO\ Feature\ PF3\ Secure=false
RIF.RIFAWARE.GPIO\ Feature\ PF4\ Cid=-
RIF.RIFAWARE.GPIO\ Feature\ PF4\ Secure=false
RIF.RIFAWARE.GPIO\ Feature\ PF5\ Cid=-
RIF.RIFAWARE.GPIO\ Feature\ PF5\ Secure=false
RIF.RIFAWARE.GPIO\ Feature\ PF6\ Cid=-
RIF.RIFAWARE.GPIO\ Feature\ PF6\ Secure=false
RIF.RIFAWARE.GPIO\ Feature\ PF7\ Cid=-
RIF.RIFAWARE.GPIO\ Feature\ PF7\ Secure=false
RIF.RIFAWARE.GPIO\ Feature\ PF8\ Cid=-
RIF.RIFAWARE.GPIO\ Feature\ PF8\ Secure=false
RIF.RIFAWARE.GPIO\ Feature\ PF9\ Cid=-
RIF.RIFAWARE.GPIO\ Feature\ PF9\ Secure=false
RIF.RIFAWARE.GPIO\ Feature\ PG0\ Cid=-
RIF.RIFAWARE.GPIO\ Feature\ PG0\ Secure=false
RIF.RIFAWARE.GPIO\ Feature\ PG1\ Cid=-
RIF.RIFAWARE.GPIO\ Feature\ PG1\ Secure=false
RIF.RIFAWARE.GPIO\ Feature\ PG10\ Appli=true
RIF.RIFAWARE.GPIO\ Feature\ PG10\ Cid=1
RIF.RIFAWARE.GPIO\ Feature\ PG10\ FSBL=true
RIF.RIFAWARE.GPIO\ Feature\ PG10\ Secure=true
RIF.RIFAWARE.GPIO\ Feature\ PG11\ Cid=-
RIF.RIFAWARE.GPIO\ Feature\ PG11\ Secure=false
RIF.RIFAWARE.GPIO\ Feature\ PG12\ Cid=-
RIF.RIFAWARE.GPIO\ Feature\ PG12\ Secure=false
RIF.RIFAWARE.GPIO\ Feature\ PG13\ Cid=-
RIF.RIFAWARE.GPIO\ Feature\ PG13\ Secure=false
RIF.RIFAWARE.GPIO\ Feature\ PG14\ Cid=-
RIF.RIFAWARE.GPIO\ Feature\ PG14\ Secure=false
RIF.RIFAWARE.GPIO\ Feature\ PG15\ Cid=-
RIF.RIFAWARE.GPIO\ Feature\ PG15\ Secure=false
RIF.RIFAWARE.GPIO\ Feature\ PG2\ Cid=-
RIF.RIFAWARE.GPIO\ Feature\ PG2\ Secure=false
RIF.RIFAWARE.GPIO\ Feature\ PG3\ Cid=-
RIF.RIFAWARE.GPIO\ Feature\ PG3\ Secure=false
RIF.RIFAWARE.GPIO\ Feature\ PG4\ Cid=-
RIF.RIFAWARE.GPIO\ Feature\ PG4\ Secure=false
RIF.RIFAWARE.GPIO\ Feature\ PG5\ Cid=-
RIF.RIFAWARE.GPIO\ Feature\ PG5\ Secure=false
RIF.RIFAWARE.GPIO\ Feature\ PG6\ Cid=-
RIF.RIFAWARE.GPIO\ Feature\ PG6\ Secure=false
RIF.RIFAWARE.GPIO\ Feature\ PG8\ Cid=-
RIF.RIFAWARE.GPIO\ Feature\ PG8\ Secure=false
RIF.RIFAWARE.GPIO\ Feature\ PG9\ Cid=-
RIF.RIFAWARE.GPIO\ Feature\ PG9\ Secure=false
RIF.RIFAWARE.GPIO\ Feature\ PH2\ Appli=true
RIF.RIFAWARE.GPIO\ Feature\ PH2\ Cid=1
RIF.RIFAWARE.GPIO\ Feature\ PH2\ FSBL=true
RIF.RIFAWARE.GPIO\ Feature\ PH2\ Secure=true
RIF.RIFAWARE.GPIO\ Feature\ PH9\ Cid=-
RIF.RIFAWARE.GPIO\ Feature\ PH9\ Secure=false
RIF.RIFAWARE.GPIO\ Feature\ PN0\ Cid=-
RIF.RIFAWARE.GPIO\ Feature\ PN0\ Secure=false
RIF.RIFAWARE.GPIO\ Feature\ PN1\ Appli=true
RIF.RIFAWARE.GPIO\ Feature\ PN1\ Cid=1
RIF.RIFAWARE.GPIO\ Feature\ PN1\ ExtMemLoader=true
RIF.RIFAWARE.GPIO\ Feature\ PN1\ FSBL=true
RIF.RIFAWARE.GPIO\ Feature\ PN1\ Secure=false
RIF.RIFAWARE.GPIO\ Feature\ PN10\ Cid=-
RIF.RIFAWARE.GPIO\ Feature\ PN10\ Secure=false
RIF.RIFAWARE.GPIO\ Feature\ PN11\ Cid=-
RIF.RIFAWARE.GPIO\ Feature\ PN11\ Secure=false
RIF.RIFAWARE.GPIO\ Feature\ PN12\ Cid=-
RIF.RIFAWARE.GPIO\ Feature\ PN12\ Secure=false
RIF.RIFAWARE.GPIO\ Feature\ PN2\ Appli=true
RIF.RIFAWARE.GPIO\ Feature\ PN2\ Cid=1
RIF.RIFAWARE.GPIO\ Feature\ PN2\ ExtMemLoader=true
RIF.RIFAWARE.GPIO\ Feature\ PN2\ FSBL=true
RIF.RIFAWARE.GPIO\ Feature\ PN2\ Secure=false
RIF.RIFAWARE.GPIO\ Feature\ PN3\ Appli=true
RIF.RIFAWARE.GPIO\ Feature\ PN3\ Cid=1
RIF.RIFAWARE.GPIO\ Feature\ PN3\ ExtMemLoader=true
RIF.RIFAWARE.GPIO\ Feature\ PN3\ FSBL=true
RIF.RIFAWARE.GPIO\ Feature\ PN3\ Secure=false
RIF.RIFAWARE.GPIO\ Feature\ PN4\ Appli=true
RIF.RIFAWARE.GPIO\ Feature\ PN4\ Cid=1
RIF.RIFAWARE.GPIO\ Feature\ PN4\ ExtMemLoader=true
RIF.RIFAWARE.GPIO\ Feature\ PN4\ FSBL=true
RIF.RIFAWARE.GPIO\ Feature\ PN4\ Secure=false
RIF.RIFAWARE.GPIO\ Feature\ PN5\ Appli=true
RIF.RIFAWARE.GPIO\ Feature\ PN5\ Cid=1
RIF.RIFAWARE.GPIO\ Feature\ PN5\ ExtMemLoader=true
RIF.RIFAWARE.GPIO\ Feature\ PN5\ FSBL=true
RIF.RIFAWARE.GPIO\ Feature\ PN5\ Secure=false
RIF.RIFAWARE.GPIO\ Feature\ PN6\ Appli=true
RIF.RIFAWARE.GPIO\ Feature\ PN6\ Cid=1
RIF.RIFAWARE.GPIO\ Feature\ PN6\ ExtMemLoader=true
RIF.RIFAWARE.GPIO\ Feature\ PN6\ FSBL=true
RIF.RIFAWARE.GPIO\ Feature\ PN6\ Secure=false
RIF.RIFAWARE.GPIO\ Feature\ PN7\ Cid=-
RIF.RIFAWARE.GPIO\ Feature\ PN7\ Secure=false
RIF.RIFAWARE.GPIO\ Feature\ PN8\ Cid=-
RIF.RIFAWARE.GPIO\ Feature\ PN8\ Secure=false
RIF.RIFAWARE.GPIO\ Feature\ PN9\ Cid=-
RIF.RIFAWARE.GPIO\ Feature\ PN9\ Secure=false
RIF.RIFAWARE.GPIO\ Feature\ PO0\ Appli=true
RIF.RIFAWARE.GPIO\ Feature\ PO0\ Cid=1
RIF.RIFAWARE.GPIO\ Feature\ PO0\ ExtMemLoader=true
RIF.RIFAWARE.GPIO\ Feature\ PO0\ FSBL=true
RIF.RIFAWARE.GPIO\ Feature\ PO0\ Secure=false
RIF.RIFAWARE.GPIO\ Feature\ PO1\ Cid=-
RIF.RIFAWARE.GPIO\ Feature\ PO1\ Secure=false
RIF.RIFAWARE.GPIO\ Feature\ PO2\ Appli=true
RIF.RIFAWARE.GPIO\ Feature\ PO2\ Cid=1
RIF.RIFAWARE.GPIO\ Feature\ PO2\ ExtMemLoader=true
RIF.RIFAWARE.GPIO\ Feature\ PO2\ FSBL=true
RIF.RIFAWARE.GPIO\ Feature\ PO2\ Secure=false
RIF.RIFAWARE.GPIO\ Feature\ PO4\ Appli=true
RIF.RIFAWARE.GPIO\ Feature\ PO4\ Cid=1
RIF.RIFAWARE.GPIO\ Feature\ PO4\ ExtMemLoader=true
RIF.RIFAWARE.GPIO\ Feature\ PO4\ FSBL=true
RIF.RIFAWARE.GPIO\ Feature\ PO4\ Secure=false
RIF.RIFAWARE.GPIO\ Feature\ PO5\ Cid=-
RIF.RIFAWARE.GPIO\ Feature\ PO5\ Secure=false
RIF.RIFAWARE.GPIO\ Feature\ PP0\ Appli=true
RIF.RIFAWARE.GPIO\ Feature\ PP0\ Cid=1
RIF.RIFAWARE.GPIO\ Feature\ PP0\ ExtMemLoader=true
RIF.RIFAWARE.GPIO\ Feature\ PP0\ FSBL=true
RIF.RIFAWARE.GPIO\ Feature\ PP0\ Secure=false
RIF.RIFAWARE.GPIO\ Feature\ PP1\ Appli=true
RIF.RIFAWARE.GPIO\ Feature\ PP1\ Cid=1
RIF.RIFAWARE.GPIO\ Feature\ PP1\ ExtMemLoader=true
RIF.RIFAWARE.GPIO\ Feature\ PP1\ FSBL=true
RIF.RIFAWARE.GPIO\ Feature\ PP1\ Secure=false
RIF.RIFAWARE.GPIO\ Feature\ PP2\ Appli=true
RIF.RIFAWARE.GPIO\ Feature\ PP2\ Cid=1
RIF.RIFAWARE.GPIO\ Feature\ PP2\ ExtMemLoader=true
RIF.RIFAWARE.GPIO\ Feature\ PP2\ FSBL=true
RIF.RIFAWARE.GPIO\ Feature\ PP2\ Secure=false
RIF.RIFAWARE.GPIO\ Feature\ PP3\ Appli=true
RIF.RIFAWARE.GPIO\ Feature\ PP3\ Cid=1
RIF.RIFAWARE.GPIO\ Feature\ PP3\ ExtMemLoader=true
RIF.RIFAWARE.GPIO\ Feature\ PP3\ FSBL=true
RIF.RIFAWARE.GPIO\ Feature\ PP3\ Secure=false
RIF.RIFAWARE.GPIO\ Feature\ PP4\ Appli=true
RIF.RIFAWARE.GPIO\ Feature\ PP4\ Cid=1
RIF.RIFAWARE.GPIO\ Feature\ PP4\ ExtMemLoader=true
RIF.RIFAWARE.GPIO\ Feature\ PP4\ FSBL=true
RIF.RIFAWARE.GPIO\ Feature\ PP4\ Secure=false
RIF.RIFAWARE.GPIO\ Feature\ PP5\ Appli=true
RIF.RIFAWARE.GPIO\ Feature\ PP5\ Cid=1
RIF.RIFAWARE.GPIO\ Feature\ PP5\ ExtMemLoader=true
RIF.RIFAWARE.GPIO\ Feature\ PP5\ FSBL=true
RIF.RIFAWARE.GPIO\ Feature\ PP5\ Secure=false
RIF.RIFAWARE.GPIO\ Feature\ PP6\ Appli=true
RIF.RIFAWARE.GPIO\ Feature\ PP6\ Cid=1
RIF.RIFAWARE.GPIO\ Feature\ PP6\ ExtMemLoader=true
RIF.RIFAWARE.GPIO\ Feature\ PP6\ FSBL=true
RIF.RIFAWARE.GPIO\ Feature\ PP6\ Secure=false
RIF.RIFAWARE.GPIO\ Feature\ PP7\ Appli=true
RIF.RIFAWARE.GPIO\ Feature\ PP7\ Cid=1
RIF.RIFAWARE.GPIO\ Feature\ PP7\ ExtMemLoader=true
RIF.RIFAWARE.GPIO\ Feature\ PP7\ FSBL=true
RIF.RIFAWARE.GPIO\ Feature\ PP7\ Secure=false
RIF.RIFAWARE.HPDMA1\ Feature\ HPDMA1\ channel\ 0\ Cid=-
RIF.RIFAWARE.HPDMA1\ Feature\ HPDMA1\ channel\ 0\ Privilege=true
RIF.RIFAWARE.HPDMA1\ Feature\ HPDMA1\ channel\ 0\ Secure=false
RIF.RIFAWARE.HPDMA1\ Feature\ HPDMA1\ channel\ 1\ Cid=-
RIF.RIFAWARE.HPDMA1\ Feature\ HPDMA1\ channel\ 1\ Privilege=true
RIF.RIFAWARE.HPDMA1\ Feature\ HPDMA1\ channel\ 1\ Secure=false
RIF.RIFAWARE.HPDMA1\ Feature\ HPDMA1\ channel\ 10\ Cid=-
RIF.RIFAWARE.HPDMA1\ Feature\ HPDMA1\ channel\ 10\ Privilege=true
RIF.RIFAWARE.HPDMA1\ Feature\ HPDMA1\ channel\ 10\ Secure=false
RIF.RIFAWARE.HPDMA1\ Feature\ HPDMA1\ channel\ 11\ Cid=-
RIF.RIFAWARE.HPDMA1\ Feature\ HPDMA1\ channel\ 11\ Privilege=true
RIF.RIFAWARE.HPDMA1\ Feature\ HPDMA1\ channel\ 11\ Secure=false
RIF.RIFAWARE.HPDMA1\ Feature\ HPDMA1\ channel\ 12\ Cid=-
RIF.RIFAWARE.HPDMA1\ Feature\ HPDMA1\ channel\ 12\ Privilege=true
RIF.RIFAWARE.HPDMA1\ Feature\ HPDMA1\ channel\ 12\ Secure=false
RIF.RIFAWARE.HPDMA1\ Feature\ HPDMA1\ channel\ 13\ Cid=-
RIF.RIFAWARE.HPDMA1\ Feature\ HPDMA1\ channel\ 13\ Privilege=true
RIF.RIFAWARE.HPDMA1\ Feature\ HPDMA1\ channel\ 13\ Secure=false
RIF.RIFAWARE.HPDMA1\ Feature\ HPDMA1\ channel\ 14\ Cid=-
RIF.RIFAWARE.HPDMA1\ Feature\ HPDMA1\ channel\ 14\ Privilege=true
RIF.RIFAWARE.HPDMA1\ Feature\ HPDMA1\ channel\ 14\ Secure=false
RIF.RIFAWARE.HPDMA1\ Feature\ HPDMA1\ channel\ 15\ Cid=-
RIF.RIFAWARE.HPDMA1\ Feature\ HPDMA1\ channel\ 15\ Privilege=true
RIF.RIFAWARE.HPDMA1\ Feature\ HPDMA1\ channel\ 15\ Secure=false
RIF.RIFAWARE.HPDMA1\ Feature\ HPDMA1\ channel\ 2\ Cid=-
RIF.RIFAWARE.HPDMA1\ Feature\ HPDMA1\ channel\ 2\ Privilege=true
RIF.RIFAWARE.HPDMA1\ Feature\ HPDMA1\ channel\ 2\ Secure=false
RIF.RIFAWARE.HPDMA1\ Feature\ HPDMA1\ channel\ 3\ Cid=-
RIF.RIFAWARE.HPDMA1\ Feature\ HPDMA1\ channel\ 3\ Privilege=true
RIF.RIFAWARE.HPDMA1\ Feature\ HPDMA1\ channel\ 3\ Secure=false
RIF.RIFAWARE.HPDMA1\ Feature\ HPDMA1\ channel\ 4\ Cid=-
RIF.RIFAWARE.HPDMA1\ Feature\ HPDMA1\ channel\ 4\ Privilege=true
RIF.RIFAWARE.HPDMA1\ Feature\ HPDMA1\ channel\ 4\ Secure=false
RIF.RIFAWARE.HPDMA1\ Feature\ HPDMA1\ channel\ 5\ Cid=-
RIF.RIFAWARE.HPDMA1\ Feature\ HPDMA1\ channel\ 5\ Privilege=true
RIF.RIFAWARE.HPDMA1\ Feature\ HPDMA1\ channel\ 5\ Secure=false
RIF.RIFAWARE.HPDMA1\ Feature\ HPDMA1\ channel\ 6\ Cid=-
RIF.RIFAWARE.HPDMA1\ Feature\ HPDMA1\ channel\ 6\ Privilege=true
RIF.RIFAWARE.HPDMA1\ Feature\ HPDMA1\ channel\ 6\ Secure=false
RIF.RIFAWARE.HPDMA1\ Feature\ HPDMA1\ channel\ 7\ Cid=-
RIF.RIFAWARE.HPDMA1\ Feature\ HPDMA1\ channel\ 7\ Privilege=true
RIF.RIFAWARE.HPDMA1\ Feature\ HPDMA1\ channel\ 7\ Secure=false
RIF.RIFAWARE.HPDMA1\ Feature\ HPDMA1\ channel\ 8\ Cid=-
RIF.RIFAWARE.HPDMA1\ Feature\ HPDMA1\ channel\ 8\ Privilege=true
RIF.RIFAWARE.HPDMA1\ Feature\ HPDMA1\ channel\ 8\ Secure=false
RIF.RIFAWARE.HPDMA1\ Feature\ HPDMA1\ channel\ 9\ Cid=-
RIF.RIFAWARE.HPDMA1\ Feature\ HPDMA1\ channel\ 9\ Privilege=true
RIF.RIFAWARE.HPDMA1\ Feature\ HPDMA1\ channel\ 9\ Secure=false
RIF.RIFAWARE.LTDC\ Feature\ LTDC_L1\ Cid=-
RIF.RIFAWARE.LTDC\ Feature\ LTDC_L1\ Secure=false
RIF.RIFAWARE.LTDC\ Feature\ LTDC_L2\ Cid=-
RIF.RIFAWARE.LTDC\ Feature\ LTDC_L2\ Secure=false
RIF.RIFAWARE.PWR\ Feature\ Backup\ domain\ protection\ Cid=-
RIF.RIFAWARE.PWR\ Feature\ Backup\ domain\ protection\ Secure=false
RIF.RIFAWARE.PWR\ Feature\ CPU\ power\ control\ protection\ Cid=-
RIF.RIFAWARE.PWR\ Feature\ CPU\ power\ control\ protection\ Secure=false
RIF.RIFAWARE.PWR\ Feature\ I-TCM,\ D-TCM,\ and\ I-TCM\ FLEXMEM\ low\ power\ control\ protection\ Cid=-
RIF.RIFAWARE.PWR\ Feature\ I-TCM,\ D-TCM,\ and\ I-TCM\ FLEXMEM\ low\ power\ control\ protection\ Secure=false
RIF.RIFAWARE.PWR\ Feature\ Peripheral\ voltage\ monitor\ protection\ Cid=-
RIF.RIFAWARE.PWR\ Feature\ Peripheral\ voltage\ monitor\ protection\ Secure=false
RIF.RIFAWARE.PWR\ Feature\ Programmable\ voltage\ detector\ protection\ Cid=-
RIF.RIFAWARE.PWR\ Feature\ Programmable\ voltage\ detector\ protection\ Secure=false
RIF.RIFAWARE.PWR\ Feature\ System\ supply\ configuration\ protection\ Cid=-
RIF.RIFAWARE.PWR\ Feature\ System\ supply\ configuration\ protection\ Secure=false
RIF.RIFAWARE.PWR\ Feature\ VDDCORE\ monitor\ protection\ Cid=-
RIF.RIFAWARE.PWR\ Feature\ VDDCORE\ monitor\ protection\ Secure=false
RIF.RIFAWARE.PWR\ Feature\ Voltage\ scaling\ selection\ protection\ Cid=-
RIF.RIFAWARE.PWR\ Feature\ Voltage\ scaling\ selection\ protection\ Secure=false
RIF.RIFAWARE.PWR\ Feature\ WKUP1\ pin\ protection\ Cid=1
RIF.RIFAWARE.PWR\ Feature\ WKUP1\ pin\ protection\ FSBL=true
RIF.RIFAWARE.PWR\ Feature\ WKUP1\ pin\ protection\ Secure=true
RIF.RIFAWARE.PWR\ Feature\ WKUP2\ pin\ protection\ Cid=-
RIF.RIFAWARE.PWR\ Feature\ WKUP2\ pin\ protection\ Secure=false
RIF.RIFAWARE.PWR\ Feature\ WKUP3\ pin\ protection\ Cid=-
RIF.RIFAWARE.PWR\ Feature\ WKUP3\ pin\ protection\ Secure=false
RIF.RIFAWARE.PWR\ Feature\ WKUP4\ pin\ protection\ Cid=-
RIF.RIFAWARE.PWR\ Feature\ WKUP4\ pin\ protection\ Secure=false
RIF.RIFAWARE.RCC\ Feature\ Protection\ of\ BUS\ system\ configuration\ bits\ Cid=-
RIF.RIFAWARE.RCC\ Feature\ Protection\ of\ BUS\ system\ configuration\ bits\ Secure=false
RIF.RIFAWARE.RCC\ Feature\ Protection\ of\ DFT\ system\ configuration\ bits\ Cid=-
RIF.RIFAWARE.RCC\ Feature\ Protection\ of\ DFT\ system\ configuration\ bits\ Secure=false
RIF.RIFAWARE.RCC\ Feature\ Protection\ of\ IC1\ divider\ configuration\ bits\ Cid=-
RIF.RIFAWARE.RCC\ Feature\ Protection\ of\ IC1\ divider\ configuration\ bits\ Secure=false
RIF.RIFAWARE.RCC\ Feature\ Protection\ of\ IC10\ divider\ configuration\ bits\ Cid=-
RIF.RIFAWARE.RCC\ Feature\ Protection\ of\ IC10\ divider\ configuration\ bits\ Secure=false
RIF.RIFAWARE.RCC\ Feature\ Protection\ of\ IC11\ divider\ configuration\ bits\ Cid=-
RIF.RIFAWARE.RCC\ Feature\ Protection\ of\ IC11\ divider\ configuration\ bits\ Secure=false
RIF.RIFAWARE.RCC\ Feature\ Protection\ of\ IC12\ divider\ configuration\ bits\ Cid=-
RIF.RIFAWARE.RCC\ Feature\ Protection\ of\ IC12\ divider\ configuration\ bits\ Secure=false
RIF.RIFAWARE.RCC\ Feature\ Protection\ of\ IC13\ divider\ configuration\ bits\ Cid=-
RIF.RIFAWARE.RCC\ Feature\ Protection\ of\ IC13\ divider\ configuration\ bits\ Secure=false
RIF.RIFAWARE.RCC\ Feature\ Protection\ of\ IC14\ divider\ configuration\ bits\ Cid=-
RIF.RIFAWARE.RCC\ Feature\ Protection\ of\ IC14\ divider\ configuration\ bits\ Secure=false
RIF.RIFAWARE.RCC\ Feature\ Protection\ of\ IC15\ divider\ configuration\ bits\ Cid=-
RIF.RIFAWARE.RCC\ Feature\ Protection\ of\ IC15\ divider\ configuration\ bits\ Secure=false
RIF.RIFAWARE.RCC\ Feature\ Protection\ of\ IC16\ divider\ configuration\ bits\ Cid=-
RIF.RIFAWARE.RCC\ Feature\ Protection\ of\ IC16\ divider\ configuration\ bits\ Secure=false
RIF.RIFAWARE.RCC\ Feature\ Protection\ of\ IC17\ divider\ configuration\ bits\ Cid=-
RIF.RIFAWARE.RCC\ Feature\ Protection\ of\ IC17\ divider\ configuration\ bits\ Secure=false
RIF.RIFAWARE.RCC\ Feature\ Protection\ of\ IC18\ divider\ configuration\ bits\ Cid=-
RIF.RIFAWARE.RCC\ Feature\ Protection\ of\ IC18\ divider\ configuration\ bits\ Secure=false
RIF.RIFAWARE.RCC\ Feature\ Protection\ of\ IC19\ divider\ configuration\ bits\ Cid=-
RIF.RIFAWARE.RCC\ Feature\ Protection\ of\ IC19\ divider\ configuration\ bits\ Secure=false
RIF.RIFAWARE.RCC\ Feature\ Protection\ of\ IC2\ divider\ configuration\ bits\ Cid=-
RIF.RIFAWARE.RCC\ Feature\ Protection\ of\ IC2\ divider\ configuration\ bits\ Secure=false
RIF.RIFAWARE.RCC\ Feature\ Protection\ of\ IC20\ divider\ configuration\ bits\ Cid=-
RIF.RIFAWARE.RCC\ Feature\ Protection\ of\ IC20\ divider\ configuration\ bits\ Secure=false
RIF.RIFAWARE.RCC\ Feature\ Protection\ of\ IC3\ divider\ configuration\ bits\ Cid=-
RIF.RIFAWARE.RCC\ Feature\ Protection\ of\ IC3\ divider\ configuration\ bits\ Secure=false
RIF.RIFAWARE.RCC\ Feature\ Protection\ of\ IC4\ divider\ configuration\ bits\ Cid=-
RIF.RIFAWARE.RCC\ Feature\ Protection\ of\ IC4\ divider\ configuration\ bits\ Secure=false
RIF.RIFAWARE.RCC\ Feature\ Protection\ of\ IC5\ divider\ configuration\ bits\ Cid=-
RIF.RIFAWARE.RCC\ Feature\ Protection\ of\ IC5\ divider\ configuration\ bits\ Secure=false
RIF.RIFAWARE.RCC\ Feature\ Protection\ of\ IC6\ divider\ configuration\ bits\ Cid=-
RIF.RIFAWARE.RCC\ Feature\ Protection\ of\ IC6\ divider\ configuration\ bits\ Secure=false
RIF.RIFAWARE.RCC\ Feature\ Protection\ of\ IC7\ divider\ configuration\ bits\ Cid=-
RIF.RIFAWARE.RCC\ Feature\ Protection\ of\ IC7\ divider\ configuration\ bits\ Secure=false
RIF.RIFAWARE.RCC\ Feature\ Protection\ of\ IC8\ divider\ configuration\ bits\ Cid=-
RIF.RIFAWARE.RCC\ Feature\ Protection\ of\ IC8\ divider\ configuration\ bits\ Secure=false
RIF.RIFAWARE.RCC\ Feature\ Protection\ of\ IC9\ divider\ configuration\ bits\ Cid=-
RIF.RIFAWARE.RCC\ Feature\ Protection\ of\ IC9\ divider\ configuration\ bits\ Secure=false
RIF.RIFAWARE.RCC\ Feature\ Protection\ of\ INT\ system\ configuration\ bits\ Cid=-
RIF.RIFAWARE.RCC\ Feature\ Protection\ of\ INT\ system\ configuration\ bits\ Secure=false
RIF.RIFAWARE.RCC\ Feature\ Protection\ of\ MOD\ system\ configuration\ bits\ Cid=-
RIF.RIFAWARE.RCC\ Feature\ Protection\ of\ MOD\ system\ configuration\ bits\ Secure=false
RIF.RIFAWARE.RCC\ Feature\ Protection\ of\ PER\ system\ configuration\ bits\ Cid=-
RIF.RIFAWARE.RCC\ Feature\ Protection\ of\ PER\ system\ configuration\ bits\ Secure=false
RIF.RIFAWARE.RCC\ Feature\ Protection\ of\ PLL1\ configuration\ bits\u200B\ Cid=-
RIF.RIFAWARE.RCC\ Feature\ Protection\ of\ PLL1\ configuration\ bits\u200B\ Secure=false
RIF.RIFAWARE.RCC\ Feature\ Protection\ of\ PLL2\ configuration\ bits\ Cid=-
RIF.RIFAWARE.RCC\ Feature\ Protection\ of\ PLL2\ configuration\ bits\ Secure=false
RIF.RIFAWARE.RCC\ Feature\ Protection\ of\ PLL3\ configuration\ bits\ Cid=-
RIF.RIFAWARE.RCC\ Feature\ Protection\ of\ PLL3\ configuration\ bits\ Secure=false
RIF.RIFAWARE.RCC\ Feature\ Protection\ of\ PLL4\ configuration\ bits\ Cid=-
RIF.RIFAWARE.RCC\ Feature\ Protection\ of\ PLL4\ configuration\ bits\ Secure=false
RIF.RIFAWARE.RCC\ Feature\ Protection\ of\ RST\ system\ configuration\ bits\ Cid=-
RIF.RIFAWARE.RCC\ Feature\ Protection\ of\ RST\ system\ configuration\ bits\ Secure=false
RIF.RIFAWARE.RCC\ Feature\ Protection\ of\ SYS\ system\ configuration\ bit\ Cid=-
RIF.RIFAWARE.RCC\ Feature\ Protection\ of\ SYS\ system\ configuration\ bit\ Secure=false
RIF.RIFAWARE.RCC\ Feature\ protection\ of\ ACLKN\ bus\ configuration\ bits\ Cid=-
RIF.RIFAWARE.RCC\ Feature\ protection\ of\ ACLKN\ bus\ configuration\ bits\ Secure=false
RIF.RIFAWARE.RCC\ Feature\ protection\ of\ ACLKNC\ bus\ configuration\ bits\ Cid=-
RIF.RIFAWARE.RCC\ Feature\ protection\ of\ ACLKNC\ bus\ configuration\ bits\ Secure=false
RIF.RIFAWARE.RCC\ Feature\ protection\ of\ AHB1\ bus\ configuration\ bits\ Cid=-
RIF.RIFAWARE.RCC\ Feature\ protection\ of\ AHB1\ bus\ configuration\ bits\ Secure=false
RIF.RIFAWARE.RCC\ Feature\ protection\ of\ AHB2\ bus\ configuration\ bits\ Cid=-
RIF.RIFAWARE.RCC\ Feature\ protection\ of\ AHB2\ bus\ configuration\ bits\ Secure=false
RIF.RIFAWARE.RCC\ Feature\ protection\ of\ AHB3\ bus\ configuration\ bits\ Cid=-
RIF.RIFAWARE.RCC\ Feature\ protection\ of\ AHB3\ bus\ configuration\ bits\ Secure=false
RIF.RIFAWARE.RCC\ Feature\ protection\ of\ AHB4\ bus\ configuration\ bits\ Cid=-
RIF.RIFAWARE.RCC\ Feature\ protection\ of\ AHB4\ bus\ configuration\ bits\ Secure=false
RIF.RIFAWARE.RCC\ Feature\ protection\ of\ AHB5\ bus\ configuration\ bits\ Cid=-
RIF.RIFAWARE.RCC\ Feature\ protection\ of\ AHB5\ bus\ configuration\ bits\ Secure=false
RIF.RIFAWARE.RCC\ Feature\ protection\ of\ AHBM\ bus\ configuration\ bits\ Cid=-
RIF.RIFAWARE.RCC\ Feature\ protection\ of\ AHBM\ bus\ configuration\ bits\ Secure=false
RIF.RIFAWARE.RCC\ Feature\ protection\ of\ APB1\ bus\ configuration\ bits\ Cid=-
RIF.RIFAWARE.RCC\ Feature\ protection\ of\ APB1\ bus\ configuration\ bits\ Secure=false
RIF.RIFAWARE.RCC\ Feature\ protection\ of\ APB2\ bus\ configuration\ bits\ Cid=-
RIF.RIFAWARE.RCC\ Feature\ protection\ of\ APB2\ bus\ configuration\ bits\ Secure=false
RIF.RIFAWARE.RCC\ Feature\ protection\ of\ APB3\ bus\ configuration\ bits\ Cid=-
RIF.RIFAWARE.RCC\ Feature\ protection\ of\ APB3\ bus\ configuration\ bits\ Secure=false
RIF.RIFAWARE.RCC\ Feature\ protection\ of\ APB4\ bus\ configuration\ bits\ Cid=-
RIF.RIFAWARE.RCC\ Feature\ protection\ of\ APB4\ bus\ configuration\ bits\ Secure=false
RIF.RIFAWARE.RCC\ Feature\ protection\ of\ APB5\ bus\ configuration\ bits\ Cid=-
RIF.RIFAWARE.RCC\ Feature\ protection\ of\ APB5\ bus\ configuration\ bits\ Secure=false
RIF.RIFAWARE.RCC\ Feature\ protection\ of\ NOC\ bus\ configuration\ bits\ Cid=-
RIF.RIFAWARE.RCC\ Feature\ protection\ of\ NOC\ bus\ configuration\ bits\ Secure=false
RIF.RIFAWARE.RTC\ Feature\ Alarm\ A\ and\ SSR\ underflow\ protection\u200B\ Cid=-
RIF.RIFAWARE.RTC\ Feature\ Alarm\ A\ and\ SSR\ underflow\ protection\u200B\ Secure=false
RIF.RIFAWARE.RTC\ Feature\ Alarm\ B\ protection\ Cid=-
RIF.RIFAWARE.RTC\ Feature\ Alarm\ B\ protection\ Secure=false
RIF.RIFAWARE.RTC\ Feature\ Initialization\ protection\ Cid=-
RIF.RIFAWARE.RTC\ Feature\ Initialization\ protection\ Secure=false
RIF.RIFAWARE.RTC\ Feature\ RTC\ global\ protection\ Cid=-
RIF.RIFAWARE.RTC\ Feature\ RTC\ global\ protection\ Secure=false
RIF.RIFAWARE.RTC\ Feature\ Shift\ register,\ daylight\ saving,\ calibration\ and\ reference\ clock\ protection\ Cid=-
RIF.RIFAWARE.RTC\ Feature\ Shift\ register,\ daylight\ saving,\ calibration\ and\ reference\ clock\ protection\ Secure=false
RIF.RIFAWARE.RTC\ Feature\ Timestamp\ protection\ Cid=-
RIF.RIFAWARE.RTC\ Feature\ Timestamp\ protection\ Secure=false
RIF.RIFAWARE.RTC\ Feature\ Wake-up\ timer\ protection\ Cid=-
RIF.RIFAWARE.RTC\ Feature\ Wake-up\ timer\ protection\ Secure=false
RIF.SDMMC1_CID_RIMU=0
RIF.VENC_CID_RIMU=0
RIF.default_config=false
SH.GPXTI0.0=GPIO_EXTI0
SH.GPXTI0.ConfNb=1
SH.S_TIM3_CH4.0=TIM3_CH4,PWM Generation4 CH4
SH.S_TIM3_CH4.ConfNb=1
SPI5.BaudRatePrescaler=SPI_BAUDRATEPRESCALER_2
SPI5.CalculateBaudRate=32.0 MBits/s
SPI5.DataSize=SPI_DATASIZE_8BIT
SPI5.Direction=SPI_DIRECTION_2LINES
SPI5.IPParameters=VirtualType,Mode,Direction,CalculateBaudRate,DataSize,BaudRatePrescaler
SPI5.Mode=SPI_MODE_MASTER
SPI5.VirtualType=VM_MASTER
TIM3.Channel-PWM\ Generation4\ CH4=TIM_CHANNEL_4
TIM3.IPParameters=Channel-PWM Generation4 CH4,PeriodNoDither
TIM3.PeriodNoDither=31
VP_BSEC_VS_BSEC.Mode=BSEC_Activate
VP_BSEC_VS_BSEC.Signal=BSEC_VS_BSEC
VP_CACHEAXI_VS_CACHEAXI.Mode=CACHEAXI_Activate
VP_CACHEAXI_VS_CACHEAXI.Signal=CACHEAXI_VS_CACHEAXI
VP_CSI_VS_CSI.Mode=CSI
VP_CSI_VS_CSI.Signal=CSI_VS_CSI
VP_DCMIPP_CSI.Mode=SerialInterface
VP_DCMIPP_CSI.Signal=DCMIPP_CSI
VP_DCMIPP_VS_PIPE0.Mode=Pipe 0
VP_DCMIPP_VS_PIPE0.Signal=DCMIPP_VS_PIPE0
VP_DCMIPP_VS_PIPE1.Mode=Pipe 1
VP_DCMIPP_VS_PIPE1.Signal=DCMIPP_VS_PIPE1
VP_DCMIPP_VS_PIPE2.Mode=Pipe 2
VP_DCMIPP_VS_PIPE2.Signal=DCMIPP_VS_PIPE2
VP_EXTMEM_LOADER_SIG_Activate_EXTMEM_LOADER.Mode=Activate_EXTMEM_LOADER
VP_EXTMEM_LOADER_SIG_Activate_EXTMEM_LOADER.Signal=EXTMEM_LOADER_SIG_Activate_EXTMEM_LOADER
VP_EXTMEM_MANAGER_SIG_Activate_EXTMEM.Mode=Activate_EXTMEM
VP_EXTMEM_MANAGER_SIG_Activate_EXTMEM.Signal=EXTMEM_MANAGER_SIG_Activate_EXTMEM
VP_MEMORYMAP_VS_MEMORYMAP.Mode=CurAppReg
VP_MEMORYMAP_VS_MEMORYMAP.Signal=MEMORYMAP_VS_MEMORYMAP
VP_PWR_VS_DBSignals.Mode=DisableDeadBatterySignals
VP_PWR_VS_DBSignals.Signal=PWR_VS_DBSignals
VP_PWR_VS_LPOM.Mode=PowerOptimisation
VP_PWR_VS_LPOM.Signal=PWR_VS_LPOM
VP_PWR_VS_PowerVDDIO.Mode=Power_Domain
VP_PWR_VS_PowerVDDIO.Signal=PWR_VS_PowerVDDIO
VP_PWR_VS_SECSignals.Mode=Security/Privilege
VP_PWR_VS_SECSignals.Signal=PWR_VS_SECSignals
VP_RIF_VS_RIF1.Mode=RISUP
VP_RIF_VS_RIF1.Signal=RIF_VS_RIF1
VP_SYS_S_VS_Systick.Mode=SysTick
VP_SYS_S_VS_Systick.Signal=SYS_S_VS_Systick
VP_XSPI1_VS_octo.Mode=octo_mode
VP_XSPI1_VS_octo.Signal=XSPI1_VS_octo
VP_XSPI2_VS_quad.Mode=quad_mode
VP_XSPI2_VS_quad.Signal=XSPI2_VS_quad
VP_XSPIM_VS_IO.Mode=Direct
VP_XSPIM_VS_IO.Signal=XSPIM_VS_IO
XSPI1.IPParameters=MemorySize
XSPI1.MemorySize=HAL_XSPI_SIZE_512MB
XSPI2.IPParameters=MemoryType,MemorySize
XSPI2.MemorySize=HAL_XSPI_SIZE_2GB
XSPI2.MemoryType=HAL_XSPI_MEMTYPE_MICRON
board=custom
